
Microsoft Visual Studio Solution File, Format Version 12.00
Project("{FAE04EC0-301F-11D3-BF4B-00C04F79EFBC}") = "DeepSeek-Harness-Sharp", "DeepSeek-Harness-Sharp\DeepSeek-Harness-Sharp.csproj", "{B47F8CE0-EF65-4C50-BB90-A747F6C8AABF}"
EndProject
Project("{2150E333-8FDC-42A3-9474-1A3956D46DE8}") = "Solution Items", "Solution Items", "{6C2968D4-6D89-4190-8862-CBC339E43A3F}"
	ProjectSection(SolutionItems) = preProject
		compose.yaml = compose.yaml
	EndProjectSection
EndProject
Project("{2150E333-8FDC-42A3-9474-1A3956D46DE8}") = "src", "src", "{827E0CD3-B72D-47B6-A68D-7590B98EB39B}"
EndProject
Project("{FAE04EC0-301F-11D3-BF4B-00C04F79EFBC}") = "Dsh.Core", "src\Dsh.Core\Dsh.Core.csproj", "{32458A34-3672-427D-977E-DF4493C369D3}"
EndProject
Project("{FAE04EC0-301F-11D3-BF4B-00C04F79EFBC}") = "Dsh.Llm", "src\Dsh.Llm\Dsh.Llm.csproj", "{9FA5A9E0-689F-4844-91C8-5292CB88D2A7}"
EndProject
Project("{FAE04EC0-301F-11D3-BF4B-00C04F79EFBC}") = "Dsh.Llm.DeepSeek", "src\Dsh.Llm.DeepSeek\Dsh.Llm.DeepSeek.csproj", "{C2613733-C0D9-471D-BE6B-F116FCDFC239}"
EndProject
Project("{FAE04EC0-301F-11D3-BF4B-00C04F79EFBC}") = "Dsh.Persistence", "src\Dsh.Persistence\Dsh.Persistence.csproj", "{4A02A835-79D6-4568-AF61-C354C3AEECD8}"
EndProject
Project("{FAE04EC0-301F-11D3-BF4B-00C04F79EFBC}") = "Dsh.Interaction", "src\Dsh.Interaction\Dsh.Interaction.csproj", "{37ED4EEB-7066-4B8E-8651-59A35B0D1163}"
EndProject
Project("{FAE04EC0-301F-11D3-BF4B-00C04F79EFBC}") = "Dsh.Boot", "src\Dsh.Boot\Dsh.Boot.csproj", "{9177D24B-BBB7-473E-9F56-74E8B5CB2779}"
EndProject
Project("{FAE04EC0-301F-11D3-BF4B-00C04F79EFBC}") = "Dsh.Tools", "src\Dsh.Tools\Dsh.Tools.csproj", "{82788BAD-5529-4839-A297-2EFC508958E4}"
EndProject
Project("{FAE04EC0-301F-11D3-BF4B-00C04F79EFBC}") = "Dsh.Tui", "src\Dsh.Tui\Dsh.Tui.csproj", "{E3B848F1-0B9D-4BC0-90BE-8B9F249D69FC}"
EndProject
Project("{2150E333-8FDC-42A3-9474-1A3956D46DE8}") = "tests", "tests", "{0AB3BF05-4346-4AA6-1389-037BE0695223}"
EndProject
Project("{FAE04EC0-301F-11D3-BF4B-00C04F79EFBC}") = "Dsh.Tests", "tests\Dsh.Tests\Dsh.Tests.csproj", "{8FD85D89-07C7-43EB-9DA4-A7B9A03369CF}"
EndProject
Project("{FAE04EC0-301F-11D3-BF4B-00C04F79EFBC}") = "Cordis", "Cordis\Cordis.csproj", "{A0B0F40B-2E05-4C74-837A-768AC1798325}"
EndProject
Project("{FAE04EC0-301F-11D3-BF4B-00C04F79EFBC}") = "Cordis.Tests", "Cordis.Tests\Cordis.Tests.csproj", "{5DCCF3E9-E456-442F-AFB6-2F0CAC61FD60}"
EndProject
Project("{FAE04EC0-301F-11D3-BF4B-00C04F79EFBC}") = "Dsh.Compaction", "src\Dsh.Compaction\Dsh.Compaction.csproj", "{80156DDA-04BD-4F21-8BAA-BA2D82BA51E4}"
EndProject
Project("{FAE04EC0-301F-11D3-BF4B-00C04F79EFBC}") = "Dsh.Jobs", "src\Dsh.Jobs\Dsh.Jobs.csproj", "{C1E71B4E-BBB5-48DF-BDFE-F1D5339DCD0E}"
EndProject
Project("{FAE04EC0-301F-11D3-BF4B-00C04F79EFBC}") = "Dsh.Subagent", "src\Dsh.Subagent\Dsh.Subagent.csproj", "{8ECEECC4-C2F7-447C-9C7D-2663C659840A}"
EndProject
Project("{FAE04EC0-301F-11D3-BF4B-00C04F79EFBC}") = "Dsh.Goal", "src\Dsh.Goal\Dsh.Goal.csproj", "{FEE5E83A-6DC4-4A59-8537-65D9F59623EC}"
EndProject
Project("{FAE04EC0-301F-11D3-BF4B-00C04F79EFBC}") = "Dsh.Interaction.AskUser", "src\Dsh.Interaction.AskUser\Dsh.Interaction.AskUser.csproj", "{938A818F-FC6A-484B-83AC-F6375E73F915}"
EndProject
Project("{FAE04EC0-301F-11D3-BF4B-00C04F79EFBC}") = "Dsh.Skills", "src\Dsh.Skills\Dsh.Skills.csproj", "{83D06723-2C2F-4CCB-9802-C76F5C31BC4C}"
EndProject
Project("{FAE04EC0-301F-11D3-BF4B-00C04F79EFBC}") = "Dsh.PlanMode", "src\Dsh.PlanMode\Dsh.PlanMode.csproj", "{D7E095A9-4CC7-4875-8D08-5234551A8A3A}"
EndProject
Project("{FAE04EC0-301F-11D3-BF4B-00C04F79EFBC}") = "Dsh.Workflow", "src\Dsh.Workflow\Dsh.Workflow.csproj", "{2BF7D000-BC11-4E30-80D1-A0EA3444E34B}"
EndProject
Project("{FAE04EC0-301F-11D3-BF4B-00C04F79EFBC}") = "Dsh.Terminal", "src\Dsh.Terminal\Dsh.Terminal.csproj", "{ED4C4495-8A4A-4CFF-A819-52C88B3C58D9}"
EndProject
Project("{FAE04EC0-301F-11D3-BF4B-00C04F79EFBC}") = "Dsh.Web", "src\Dsh.Web\Dsh.Web.csproj", "{D74F26D6-7843-4A0B-AF8A-5A2D96EF219B}"
EndProject
Global
	GlobalSection(SolutionConfigurationPlatforms) = preSolution
		Debug|Any CPU = Debug|Any CPU
		Debug|x64 = Debug|x64
		Debug|x86 = Debug|x86
		Release|Any CPU = Release|Any CPU
		Release|x64 = Release|x64
		Release|x86 = Release|x86
	EndGlobalSection
	GlobalSection(ProjectConfigurationPlatforms) = postSolution
		{B47F8CE0-EF65-4C50-BB90-A747F6C8AABF}.Debug|Any CPU.ActiveCfg = Debug|Any CPU
		{B47F8CE0-EF65-4C50-BB90-A747F6C8AABF}.Debug|Any CPU.Build.0 = Debug|Any CPU
		{B47F8CE0-EF65-4C50-BB90-A747F6C8AABF}.Debug|x64.ActiveCfg = Debug|Any CPU
		{B47F8CE0-EF65-4C50-BB90-A747F6C8AABF}.Debug|x64.Build.0 = Debug|Any CPU
		{B47F8CE0-EF65-4C50-BB90-A747F6C8AABF}.Debug|x86.ActiveCfg = Debug|Any CPU
		{B47F8CE0-EF65-4C50-BB90-A747F6C8AABF}.Debug|x86.Build.0 = Debug|Any CPU
		{B47F8CE0-EF65-4C50-BB90-A747F6C8AABF}.Release|Any CPU.ActiveCfg = Release|Any CPU
		{B47F8CE0-EF65-4C50-BB90-A747F6C8AABF}.Release|Any CPU.Build.0 = Release|Any CPU
		{B47F8CE0-EF65-4C50-BB90-A747F6C8AABF}.Release|x64.ActiveCfg = Release|Any CPU
		{B47F8CE0-EF65-4C50-BB90-A747F6C8AABF}.Release|x64.Build.0 = Release|Any CPU
		{B47F8CE0-EF65-4C50-BB90-A747F6C8AABF}.Release|x86.ActiveCfg = Release|Any CPU
		{B47F8CE0-EF65-4C50-BB90-A747F6C8AABF}.Release|x86.Build.0 = Release|Any CPU
		{32458A34-3672-427D-977E-DF4493C369D3}.Debug|Any CPU.ActiveCfg = Debug|Any CPU
		{32458A34-3672-427D-977E-DF4493C369D3}.Debug|Any CPU.Build.0 = Debug|Any CPU
		{32458A34-3672-427D-977E-DF4493C369D3}.Debug|x64.ActiveCfg = Debug|Any CPU
		{32458A34-3672-427D-977E-DF4493C369D3}.Debug|x64.Build.0 = Debug|Any CPU
		{32458A34-3672-427D-977E-DF4493C369D3}.Debug|x86.ActiveCfg = Debug|Any CPU
		{32458A34-3672-427D-977E-DF4493C369D3}.Debug|x86.Build.0 = Debug|Any CPU
		{32458A34-3672-427D-977E-DF4493C369D3}.Release|Any CPU.ActiveCfg = Release|Any CPU
		{32458A34-3672-427D-977E-DF4493C369D3}.Release|Any CPU.Build.0 = Release|Any CPU
		{32458A34-3672-427D-977E-DF4493C369D3}.Release|x64.ActiveCfg = Release|Any CPU
		{32458A34-3672-427D-977E-DF4493C369D3}.Release|x64.Build.0 = Release|Any CPU
		{32458A34-3672-427D-977E-DF4493C369D3}.Release|x86.ActiveCfg = Release|Any CPU
		{32458A34-3672-427D-977E-DF4493C369D3}.Release|x86.Build.0 = Release|Any CPU
		{9FA5A9E0-689F-4844-91C8-5292CB88D2A7}.Debug|Any CPU.ActiveCfg = Debug|Any CPU
		{9FA5A9E0-689F-4844-91C8-5292CB88D2A7}.Debug|Any CPU.Build.0 = Debug|Any CPU
		{9FA5A9E0-689F-4844-91C8-5292CB88D2A7}.Debug|x64.ActiveCfg = Debug|Any CPU
		{9FA5A9E0-689F-4844-91C8-5292CB88D2A7}.Debug|x64.Build.0 = Debug|Any CPU
		{9FA5A9E0-689F-4844-91C8-5292CB88D2A7}.Debug|x86.ActiveCfg = Debug|Any CPU
		{9FA5A9E0-689F-4844-91C8-5292CB88D2A7}.Debug|x86.Build.0 = Debug|Any CPU
		{9FA5A9E0-689F-4844-91C8-5292CB88D2A7}.Release|Any CPU.ActiveCfg = Release|Any CPU
		{9FA5A9E0-689F-4844-91C8-5292CB88D2A7}.Release|Any CPU.Build.0 = Release|Any CPU
		{9FA5A9E0-689F-4844-91C8-5292CB88D2A7}.Release|x64.ActiveCfg = Release|Any CPU
		{9FA5A9E0-689F-4844-91C8-5292CB88D2A7}.Release|x64.Build.0 = Release|Any CPU
		{9FA5A9E0-689F-4844-91C8-5292CB88D2A7}.Release|x86.ActiveCfg = Release|Any CPU
		{9FA5A9E0-689F-4844-91C8-5292CB88D2A7}.Release|x86.Build.0 = Release|Any CPU
		{C2613733-C0D9-471D-BE6B-F116FCDFC239}.Debug|Any CPU.ActiveCfg = Debug|Any CPU
		{C2613733-C0D9-471D-BE6B-F116FCDFC239}.Debug|Any CPU.Build.0 = Debug|Any CPU
		{C2613733-C0D9-471D-BE6B-F116FCDFC239}.Debug|x64.ActiveCfg = Debug|Any CPU
		{C2613733-C0D9-471D-BE6B-F116FCDFC239}.Debug|x64.Build.0 = Debug|Any CPU
		{C2613733-C0D9-471D-BE6B-F116FCDFC239}.Debug|x86.ActiveCfg = Debug|Any CPU
		{C2613733-C0D9-471D-BE6B-F116FCDFC239}.Debug|x86.Build.0 = Debug|Any CPU
		{C2613733-C0D9-471D-BE6B-F116FCDFC239}.Release|Any CPU.ActiveCfg = Release|Any CPU
		{C2613733-C0D9-471D-BE6B-F116FCDFC239}.Release|Any CPU.Build.0 = Release|Any CPU
		{C2613733-C0D9-471D-BE6B-F116FCDFC239}.Release|x64.ActiveCfg = Release|Any CPU
		{C2613733-C0D9-471D-BE6B-F116FCDFC239}.Release|x64.Build.0 = Release|Any CPU
		{C2613733-C0D9-471D-BE6B-F116FCDFC239}.Release|x86.ActiveCfg = Release|Any CPU
		{C2613733-C0D9-471D-BE6B-F116FCDFC239}.Release|x86.Build.0 = Release|Any CPU
		{4A02A835-79D6-4568-AF61-C354C3AEECD8}.Debug|Any CPU.ActiveCfg = Debug|Any CPU
		{4A02A835-79D6-4568-AF61-C354C3AEECD8}.Debug|Any CPU.Build.0 = Debug|Any CPU
		{4A02A835-79D6-4568-AF61-C354C3AEECD8}.Debug|x64.ActiveCfg = Debug|Any CPU
		{4A02A835-79D6-4568-AF61-C354C3AEECD8}.Debug|x64.Build.0 = Debug|Any CPU
		{4A02A835-79D6-4568-AF61-C354C3AEECD8}.Debug|x86.ActiveCfg = Debug|Any CPU
		{4A02A835-79D6-4568-AF61-C354C3AEECD8}.Debug|x86.Build.0 = Debug|Any CPU
		{4A02A835-79D6-4568-AF61-C354C3AEECD8}.Release|Any CPU.ActiveCfg = Release|Any CPU
		{4A02A835-79D6-4568-AF61-C354C3AEECD8}.Release|Any CPU.Build.0 = Release|Any CPU
		{4A02A835-79D6-4568-AF61-C354C3AEECD8}.Release|x64.ActiveCfg = Release|Any CPU
		{4A02A835-79D6-4568-AF61-C354C3AEECD8}.Release|x64.Build.0 = Release|Any CPU
		{4A02A835-79D6-4568-AF61-C354C3AEECD8}.Release|x86.ActiveCfg = Release|Any CPU
		{4A02A835-79D6-4568-AF61-C354C3AEECD8}.Release|x86.Build.0 = Release|Any CPU
		{37ED4EEB-7066-4B8E-8651-59A35B0D1163}.Debug|Any CPU.ActiveCfg = Debug|Any CPU
		{37ED4EEB-7066-4B8E-8651-59A35B0D1163}.Debug|Any CPU.Build.0 = Debug|Any CPU
		{37ED4EEB-7066-4B8E-8651-59A35B0D1163}.Debug|x64.ActiveCfg = Debug|Any CPU
		{37ED4EEB-7066-4B8E-8651-59A35B0D1163}.Debug|x64.Build.0 = Debug|Any CPU
		{37ED4EEB-7066-4B8E-8651-59A35B0D1163}.Debug|x86.ActiveCfg = Debug|Any CPU
		{37ED4EEB-7066-4B8E-8651-59A35B0D1163}.Debug|x86.Build.0 = Debug|Any CPU
		{37ED4EEB-7066-4B8E-8651-59A35B0D1163}.Release|Any CPU.ActiveCfg = Release|Any CPU
		{37ED4EEB-7066-4B8E-8651-59A35B0D1163}.Release|Any CPU.Build.0 = Release|Any CPU
		{37ED4EEB-7066-4B8E-8651-59A35B0D1163}.Release|x64.ActiveCfg = Release|Any CPU
		{37ED4EEB-7066-4B8E-8651-59A35B0D1163}.Release|x64.Build.0 = Release|Any CPU
		{37ED4EEB-7066-4B8E-8651-59A35B0D1163}.Release|x86.ActiveCfg = Release|Any CPU
		{37ED4EEB-7066-4B8E-8651-59A35B0D1163}.Release|x86.Build.0 = Release|Any CPU
		{9177D24B-BBB7-473E-9F56-74E8B5CB2779}.Debug|Any CPU.ActiveCfg = Debug|Any CPU
		{9177D24B-BBB7-473E-9F56-74E8B5CB2779}.Debug|Any CPU.Build.0 = Debug|Any CPU
		{9177D24B-BBB7-473E-9F56-74E8B5CB2779}.Debug|x64.ActiveCfg = Debug|Any CPU
		{9177D24B-BBB7-473E-9F56-74E8B5CB2779}.Debug|x64.Build.0 = Debug|Any CPU
		{9177D24B-BBB7-473E-9F56-74E8B5CB2779}.Debug|x86.ActiveCfg = Debug|Any CPU
		{9177D24B-BBB7-473E-9F56-74E8B5CB2779}.Debug|x86.Build.0 = Debug|Any CPU
		{9177D24B-BBB7-473E-9F56-74E8B5CB2779}.Release|Any CPU.ActiveCfg = Release|Any CPU
		{9177D24B-BBB7-473E-9F56-74E8B5CB2779}.Release|Any CPU.Build.0 = Release|Any CPU
		{9177D24B-BBB7-473E-9F56-74E8B5CB2779}.Release|x64.ActiveCfg = Release|Any CPU
		{9177D24B-BBB7-473E-9F56-74E8B5CB2779}.Release|x64.Build.0 = Release|Any CPU
		{9177D24B-BBB7-473E-9F56-74E8B5CB2779}.Release|x86.ActiveCfg = Release|Any CPU
		{9177D24B-BBB7-473E-9F56-74E8B5CB2779}.Release|x86.Build.0 = Release|Any CPU
		{82788BAD-5529-4839-A297-2EFC508958E4}.Debug|Any CPU.ActiveCfg = Debug|Any CPU
		{82788BAD-5529-4839-A297-2EFC508958E4}.Debug|Any CPU.Build.0 = Debug|Any CPU
		{82788BAD-5529-4839-A297-2EFC508958E4}.Debug|x64.ActiveCfg = Debug|Any CPU
		{82788BAD-5529-4839-A297-2EFC508958E4}.Debug|x64.Build.0 = Debug|Any CPU
		{82788BAD-5529-4839-A297-2EFC508958E4}.Debug|x86.ActiveCfg = Debug|Any CPU
		{82788BAD-5529-4839-A297-2EFC508958E4}.Debug|x86.Build.0 = Debug|Any CPU
		{82788BAD-5529-4839-A297-2EFC508958E4}.Release|Any CPU.ActiveCfg = Release|Any CPU
		{82788BAD-5529-4839-A297-2EFC508958E4}.Release|Any CPU.Build.0 = Release|Any CPU
		{82788BAD-5529-4839-A297-2EFC508958E4}.Release|x64.ActiveCfg = Release|Any CPU
		{82788BAD-5529-4839-A297-2EFC508958E4}.Release|x64.Build.0 = Release|Any CPU
		{82788BAD-5529-4839-A297-2EFC508958E4}.Release|x86.ActiveCfg = Release|Any CPU
		{82788BAD-5529-4839-A297-2EFC508958E4}.Release|x86.Build.0 = Release|Any CPU
		{E3B848F1-0B9D-4BC0-90BE-8B9F249D69FC}.Debug|Any CPU.ActiveCfg = Debug|Any CPU
		{E3B848F1-0B9D-4BC0-90BE-8B9F249D69FC}.Debug|Any CPU.Build.0 = Debug|Any CPU
		{E3B848F1-0B9D-4BC0-90BE-8B9F249D69FC}.Debug|x64.ActiveCfg = Debug|Any CPU
		{E3B848F1-0B9D-4BC0-90BE-8B9F249D69FC}.Debug|x64.Build.0 = Debug|Any CPU
		{E3B848F1-0B9D-4BC0-90BE-8B9F249D69FC}.Debug|x86.ActiveCfg = Debug|Any CPU
		{E3B848F1-0B9D-4BC0-90BE-8B9F249D69FC}.Debug|x86.Build.0 = Debug|Any CPU
		{E3B848F1-0B9D-4BC0-90BE-8B9F249D69FC}.Release|Any CPU.ActiveCfg = Release|Any CPU
		{E3B848F1-0B9D-4BC0-90BE-8B9F249D69FC}.Release|Any CPU.Build.0 = Release|Any CPU
		{E3B848F1-0B9D-4BC0-90BE-8B9F249D69FC}.Release|x64.ActiveCfg = Release|Any CPU
		{E3B848F1-0B9D-4BC0-90BE-8B9F249D69FC}.Release|x64.Build.0 = Release|Any CPU
		{E3B848F1-0B9D-4BC0-90BE-8B9F249D69FC}.Release|x86.ActiveCfg = Release|Any CPU
		{E3B848F1-0B9D-4BC0-90BE-8B9F249D69FC}.Release|x86.Build.0 = Release|Any CPU
		{8FD85D89-07C7-43EB-9DA4-A7B9A03369CF}.Debug|Any CPU.ActiveCfg = Debug|Any CPU
		{8FD85D89-07C7-43EB-9DA4-A7B9A03369CF}.Debug|Any CPU.Build.0 = Debug|Any CPU
		{8FD85D89-07C7-43EB-9DA4-A7B9A03369CF}.Debug|x64.ActiveCfg = Debug|Any CPU
		{8FD85D89-07C7-43EB-9DA4-A7B9A03369CF}.Debug|x64.Build.0 = Debug|Any CPU
		{8FD85D89-07C7-43EB-9DA4-A7B9A03369CF}.Debug|x86.ActiveCfg = Debug|Any CPU
		{8FD85D89-07C7-43EB-9DA4-A7B9A03369CF}.Debug|x86.Build.0 = Debug|Any CPU
		{8FD85D89-07C7-43EB-9DA4-A7B9A03369CF}.Release|Any CPU.ActiveCfg = Release|Any CPU
		{8FD85D89-07C7-43EB-9DA4-A7B9A03369CF}.Release|Any CPU.Build.0 = Release|Any CPU
		{8FD85D89-07C7-43EB-9DA4-A7B9A03369CF}.Release|x64.ActiveCfg = Release|Any CPU
		{8FD85D89-07C7-43EB-9DA4-A7B9A03369CF}.Release|x64.Build.0 = Release|Any CPU
		{8FD85D89-07C7-43EB-9DA4-A7B9A03369CF}.Release|x86.ActiveCfg = Release|Any CPU
		{8FD85D89-07C7-43EB-9DA4-A7B9A03369CF}.Release|x86.Build.0 = Release|Any CPU
		{A0B0F40B-2E05-4C74-837A-768AC1798325}.Debug|Any CPU.ActiveCfg = Debug|Any CPU
		{A0B0F40B-2E05-4C74-837A-768AC1798325}.Debug|Any CPU.Build.0 = Debug|Any CPU
		{A0B0F40B-2E05-4C74-837A-768AC1798325}.Debug|x64.ActiveCfg = Debug|Any CPU
		{A0B0F40B-2E05-4C74-837A-768AC1798325}.Debug|x64.Build.0 = Debug|Any CPU
		{A0B0F40B-2E05-4C74-837A-768AC1798325}.Debug|x86.ActiveCfg = Debug|Any CPU
		{A0B0F40B-2E05-4C74-837A-768AC1798325}.Debug|x86.Build.0 = Debug|Any CPU
		{A0B0F40B-2E05-4C74-837A-768AC1798325}.Release|Any CPU.ActiveCfg = Release|Any CPU
		{A0B0F40B-2E05-4C74-837A-768AC1798325}.Release|Any CPU.Build.0 = Release|Any CPU
		{A0B0F40B-2E05-4C74-837A-768AC1798325}.Release|x64.ActiveCfg = Release|Any CPU
		{A0B0F40B-2E05-4C74-837A-768AC1798325}.Release|x64.Build.0 = Release|Any CPU
		{A0B0F40B-2E05-4C74-837A-768AC1798325}.Release|x86.ActiveCfg = Release|Any CPU
		{A0B0F40B-2E05-4C74-837A-768AC1798325}.Release|x86.Build.0 = Release|Any CPU
		{5DCCF3E9-E456-442F-AFB6-2F0CAC61FD60}.Debug|Any CPU.ActiveCfg = Debug|Any CPU
		{5DCCF3E9-E456-442F-AFB6-2F0CAC61FD60}.Debug|Any CPU.Build.0 = Debug|Any CPU
		{5DCCF3E9-E456-442F-AFB6-2F0CAC61FD60}.Debug|x64.ActiveCfg = Debug|Any CPU
		{5DCCF3E9-E456-442F-AFB6-2F0CAC61FD60}.Debug|x64.Build.0 = Debug|Any CPU
		{5DCCF3E9-E456-442F-AFB6-2F0CAC61FD60}.Debug|x86.ActiveCfg = Debug|Any CPU
		{5DCCF3E9-E456-442F-AFB6-2F0CAC61FD60}.Debug|x86.Build.0 = Debug|Any CPU
		{5DCCF3E9-E456-442F-AFB6-2F0CAC61FD60}.Release|Any CPU.ActiveCfg = Release|Any CPU
		{5DCCF3E9-E456-442F-AFB6-2F0CAC61FD60}.Release|Any CPU.Build.0 = Release|Any CPU
		{5DCCF3E9-E456-442F-AFB6-2F0CAC61FD60}.Release|x64.ActiveCfg = Release|Any CPU
		{5DCCF3E9-E456-442F-AFB6-2F0CAC61FD60}.Release|x64.Build.0 = Release|Any CPU
		{5DCCF3E9-E456-442F-AFB6-2F0CAC61FD60}.Release|x86.ActiveCfg = Release|Any CPU
		{5DCCF3E9-E456-442F-AFB6-2F0CAC61FD60}.Release|x86.Build.0 = Release|Any CPU
		{80156DDA-04BD-4F21-8BAA-BA2D82BA51E4}.Debug|Any CPU.ActiveCfg = Debug|Any CPU
		{80156DDA-04BD-4F21-8BAA-BA2D82BA51E4}.Debug|Any CPU.Build.0 = Debug|Any CPU
		{80156DDA-04BD-4F21-8BAA-BA2D82BA51E4}.Debug|x64.ActiveCfg = Debug|Any CPU
		{80156DDA-04BD-4F21-8BAA-BA2D82BA51E4}.Debug|x64.Build.0 = Debug|Any CPU
		{80156DDA-04BD-4F21-8BAA-BA2D82BA51E4}.Debug|x86.ActiveCfg = Debug|Any CPU
		{80156DDA-04BD-4F21-8BAA-BA2D82BA51E4}.Debug|x86.Build.0 = Debug|Any CPU
		{80156DDA-04BD-4F21-8BAA-BA2D82BA51E4}.Release|Any CPU.ActiveCfg = Release|Any CPU
		{80156DDA-04BD-4F21-8BAA-BA2D82BA51E4}.Release|Any CPU.Build.0 = Release|Any CPU
		{80156DDA-04BD-4F21-8BAA-BA2D82BA51E4}.Release|x64.ActiveCfg = Release|Any CPU
		{80156DDA-04BD-4F21-8BAA-BA2D82BA51E4}.Release|x64.Build.0 = Release|Any CPU
		{80156DDA-04BD-4F21-8BAA-BA2D82BA51E4}.Release|x86.ActiveCfg = Release|Any CPU
		{80156DDA-04BD-4F21-8BAA-BA2D82BA51E4}.Release|x86.Build.0 = Release|Any CPU
		{C1E71B4E-BBB5-48DF-BDFE-F1D5339DCD0E}.Debug|Any CPU.ActiveCfg = Debug|Any CPU
		{C1E71B4E-BBB5-48DF-BDFE-F1D5339DCD0E}.Debug|Any CPU.Build.0 = Debug|Any CPU
		{C1E71B4E-BBB5-48DF-BDFE-F1D5339DCD0E}.Debug|x64.ActiveCfg = Debug|Any CPU
		{C1E71B4E-BBB5-48DF-BDFE-F1D5339DCD0E}.Debug|x64.Build.0 = Debug|Any CPU
		{C1E71B4E-BBB5-48DF-BDFE-F1D5339DCD0E}.Debug|x86.ActiveCfg = Debug|Any CPU
		{C1E71B4E-BBB5-48DF-BDFE-F1D5339DCD0E}.Debug|x86.Build.0 = Debug|Any CPU
		{C1E71B4E-BBB5-48DF-BDFE-F1D5339DCD0E}.Release|Any CPU.ActiveCfg = Release|Any CPU
		{C1E71B4E-BBB5-48DF-BDFE-F1D5339DCD0E}.Release|Any CPU.Build.0 = Release|Any CPU
		{C1E71B4E-BBB5-48DF-BDFE-F1D5339DCD0E}.Release|x64.ActiveCfg = Release|Any CPU
		{C1E71B4E-BBB5-48DF-BDFE-F1D5339DCD0E}.Release|x64.Build.0 = Release|Any CPU
		{C1E71B4E-BBB5-48DF-BDFE-F1D5339DCD0E}.Release|x86.ActiveCfg = Release|Any CPU
		{C1E71B4E-BBB5-48DF-BDFE-F1D5339DCD0E}.Release|x86.Build.0 = Release|Any CPU
		{8ECEECC4-C2F7-447C-9C7D-2663C659840A}.Debug|Any CPU.ActiveCfg = Debug|Any CPU
		{8ECEECC4-C2F7-447C-9C7D-2663C659840A}.Debug|Any CPU.Build.0 = Debug|Any CPU
		{8ECEECC4-C2F7-447C-9C7D-2663C659840A}.Debug|x64.ActiveCfg = Debug|Any CPU
		{8ECEECC4-C2F7-447C-9C7D-2663C659840A}.Debug|x64.Build.0 = Debug|Any CPU
		{8ECEECC4-C2F7-447C-9C7D-2663C659840A}.Debug|x86.ActiveCfg = Debug|Any CPU
		{8ECEECC4-C2F7-447C-9C7D-2663C659840A}.Debug|x86.Build.0 = Debug|Any CPU
		{8ECEECC4-C2F7-447C-9C7D-2663C659840A}.Release|Any CPU.ActiveCfg = Release|Any CPU
		{8ECEECC4-C2F7-447C-9C7D-2663C659840A}.Release|Any CPU.Build.0 = Release|Any CPU
		{8ECEECC4-C2F7-447C-9C7D-2663C659840A}.Release|x64.ActiveCfg = Release|Any CPU
		{8ECEECC4-C2F7-447C-9C7D-2663C659840A}.Release|x64.Build.0 = Release|Any CPU
		{8ECEECC4-C2F7-447C-9C7D-2663C659840A}.Release|x86.ActiveCfg = Release|Any CPU
		{8ECEECC4-C2F7-447C-9C7D-2663C659840A}.Release|x86.Build.0 = Release|Any CPU
		{FEE5E83A-6DC4-4A59-8537-65D9F59623EC}.Debug|Any CPU.ActiveCfg = Debug|Any CPU
		{FEE5E83A-6DC4-4A59-8537-65D9F59623EC}.Debug|Any CPU.Build.0 = Debug|Any CPU
		{FEE5E83A-6DC4-4A59-8537-65D9F59623EC}.Debug|x64.ActiveCfg = Debug|Any CPU
		{FEE5E83A-6DC4-4A59-8537-65D9F59623EC}.Debug|x64.Build.0 = Debug|Any CPU
		{FEE5E83A-6DC4-4A59-8537-65D9F59623EC}.Debug|x86.ActiveCfg = Debug|Any CPU
		{FEE5E83A-6DC4-4A59-8537-65D9F59623EC}.Debug|x86.Build.0 = Debug|Any CPU
		{FEE5E83A-6DC4-4A59-8537-65D9F59623EC}.Release|Any CPU.ActiveCfg = Release|Any CPU
		{FEE5E83A-6DC4-4A59-8537-65D9F59623EC}.Release|Any CPU.Build.0 = Release|Any CPU
		{FEE5E83A-6DC4-4A59-8537-65D9F59623EC}.Release|x64.ActiveCfg = Release|Any CPU
		{FEE5E83A-6DC4-4A59-8537-65D9F59623EC}.Release|x64.Build.0 = Release|Any CPU
		{FEE5E83A-6DC4-4A59-8537-65D9F59623EC}.Release|x86.ActiveCfg = Release|Any CPU
		{FEE5E83A-6DC4-4A59-8537-65D9F59623EC}.Release|x86.Build.0 = Release|Any CPU
		{938A818F-FC6A-484B-83AC-F6375E73F915}.Debug|Any CPU.ActiveCfg = Debug|Any CPU
		{938A818F-FC6A-484B-83AC-F6375E73F915}.Debug|Any CPU.Build.0 = Debug|Any CPU
		{938A818F-FC6A-484B-83AC-F6375E73F915}.Debug|x64.ActiveCfg = Debug|Any CPU
		{938A818F-FC6A-484B-83AC-F6375E73F915}.Debug|x64.Build.0 = Debug|Any CPU
		{938A818F-FC6A-484B-83AC-F6375E73F915}.Debug|x86.ActiveCfg = Debug|Any CPU
		{938A818F-FC6A-484B-83AC-F6375E73F915}.Debug|x86.Build.0 = Debug|Any CPU
		{938A818F-FC6A-484B-83AC-F6375E73F915}.Release|Any CPU.ActiveCfg = Release|Any CPU
		{938A818F-FC6A-484B-83AC-F6375E73F915}.Release|Any CPU.Build.0 = Release|Any CPU
		{938A818F-FC6A-484B-83AC-F6375E73F915}.Release|x64.ActiveCfg = Release|Any CPU
		{938A818F-FC6A-484B-83AC-F6375E73F915}.Release|x64.Build.0 = Release|Any CPU
		{938A818F-FC6A-484B-83AC-F6375E73F915}.Release|x86.ActiveCfg = Release|Any CPU
		{938A818F-FC6A-484B-83AC-F6375E73F915}.Release|x86.Build.0 = Release|Any CPU
		{83D06723-2C2F-4CCB-9802-C76F5C31BC4C}.Debug|Any CPU.ActiveCfg = Debug|Any CPU
		{83D06723-2C2F-4CCB-9802-C76F5C31BC4C}.Debug|Any CPU.Build.0 = Debug|Any CPU
		{83D06723-2C2F-4CCB-9802-C76F5C31BC4C}.Debug|x64.ActiveCfg = Debug|Any CPU
		{83D06723-2C2F-4CCB-9802-C76F5C31BC4C}.Debug|x64.Build.0 = Debug|Any CPU
		{83D06723-2C2F-4CCB-9802-C76F5C31BC4C}.Debug|x86.ActiveCfg = Debug|Any CPU
		{83D06723-2C2F-4CCB-9802-C76F5C31BC4C}.Debug|x86.Build.0 = Debug|Any CPU
		{83D06723-2C2F-4CCB-9802-C76F5C31BC4C}.Release|Any CPU.ActiveCfg = Release|Any CPU
		{83D06723-2C2F-4CCB-9802-C76F5C31BC4C}.Release|Any CPU.Build.0 = Release|Any CPU
		{83D06723-2C2F-4CCB-9802-C76F5C31BC4C}.Release|x64.ActiveCfg = Release|Any CPU
		{83D06723-2C2F-4CCB-9802-C76F5C31BC4C}.Release|x64.Build.0 = Release|Any CPU
		{83D06723-2C2F-4CCB-9802-C76F5C31BC4C}.Release|x86.ActiveCfg = Release|Any CPU
		{83D06723-2C2F-4CCB-9802-C76F5C31BC4C}.Release|x86.Build.0 = Release|Any CPU
		{D7E095A9-4CC7-4875-8D08-5234551A8A3A}.Debug|Any CPU.ActiveCfg = Debug|Any CPU
		{D7E095A9-4CC7-4875-8D08-5234551A8A3A}.Debug|Any CPU.Build.0 = Debug|Any CPU
		{D7E095A9-4CC7-4875-8D08-5234551A8A3A}.Debug|x64.ActiveCfg = Debug|Any CPU
		{D7E095A9-4CC7-4875-8D08-5234551A8A3A}.Debug|x64.Build.0 = Debug|Any CPU
		{D7E095A9-4CC7-4875-8D08-5234551A8A3A}.Debug|x86.ActiveCfg = Debug|Any CPU
		{D7E095A9-4CC7-4875-8D08-5234551A8A3A}.Debug|x86.Build.0 = Debug|Any CPU
		{D7E095A9-4CC7-4875-8D08-5234551A8A3A}.Release|Any CPU.ActiveCfg = Release|Any CPU
		{D7E095A9-4CC7-4875-8D08-5234551A8A3A}.Release|Any CPU.Build.0 = Release|Any CPU
		{D7E095A9-4CC7-4875-8D08-5234551A8A3A}.Release|x64.ActiveCfg = Release|Any CPU
		{D7E095A9-4CC7-4875-8D08-5234551A8A3A}.Release|x64.Build.0 = Release|Any CPU
		{D7E095A9-4CC7-4875-8D08-5234551A8A3A}.Release|x86.ActiveCfg = Release|Any CPU
		{D7E095A9-4CC7-4875-8D08-5234551A8A3A}.Release|x86.Build.0 = Release|Any CPU
		{2BF7D000-BC11-4E30-80D1-A0EA3444E34B}.Debug|Any CPU.ActiveCfg = Debug|Any CPU
		{2BF7D000-BC11-4E30-80D1-A0EA3444E34B}.Debug|Any CPU.Build.0 = Debug|Any CPU
		{2BF7D000-BC11-4E30-80D1-A0EA3444E34B}.Debug|x64.ActiveCfg = Debug|Any CPU
		{2BF7D000-BC11-4E30-80D1-A0EA3444E34B}.Debug|x64.Build.0 = Debug|Any CPU
		{2BF7D000-BC11-4E30-80D1-A0EA3444E34B}.Debug|x86.ActiveCfg = Debug|Any CPU
		{2BF7D000-BC11-4E30-80D1-A0EA3444E34B}.Debug|x86.Build.0 = Debug|Any CPU
		{2BF7D000-BC11-4E30-80D1-A0EA3444E34B}.Release|Any CPU.ActiveCfg = Release|Any CPU
		{2BF7D000-BC11-4E30-80D1-A0EA3444E34B}.Release|Any CPU.Build.0 = Release|Any CPU
		{2BF7D000-BC11-4E30-80D1-A0EA3444E34B}.Release|x64.ActiveCfg = Release|Any CPU
		{2BF7D000-BC11-4E30-80D1-A0EA3444E34B}.Release|x64.Build.0 = Release|Any CPU
		{2BF7D000-BC11-4E30-80D1-A0EA3444E34B}.Release|x86.ActiveCfg = Release|Any CPU
		{2BF7D000-BC11-4E30-80D1-A0EA3444E34B}.Release|x86.Build.0 = Release|Any CPU
		{ED4C4495-8A4A-4CFF-A819-52C88B3C58D9}.Debug|Any CPU.ActiveCfg = Debug|Any CPU
		{ED4C4495-8A4A-4CFF-A819-52C88B3C58D9}.Debug|Any CPU.Build.0 = Debug|Any CPU
		{ED4C4495-8A4A-4CFF-A819-52C88B3C58D9}.Debug|x64.ActiveCfg = Debug|Any CPU
		{ED4C4495-8A4A-4CFF-A819-52C88B3C58D9}.Debug|x64.Build.0 = Debug|Any CPU
		{ED4C4495-8A4A-4CFF-A819-52C88B3C58D9}.Debug|x86.ActiveCfg = Debug|Any CPU
		{ED4C4495-8A4A-4CFF-A819-52C88B3C58D9}.Debug|x86.Build.0 = Debug|Any CPU
		{ED4C4495-8A4A-4CFF-A819-52C88B3C58D9}.Release|Any CPU.ActiveCfg = Release|Any CPU
		{ED4C4495-8A4A-4CFF-A819-52C88B3C58D9}.Release|Any CPU.Build.0 = Release|Any CPU
		{ED4C4495-8A4A-4CFF-A819-52C88B3C58D9}.Release|x64.ActiveCfg = Release|Any CPU
		{ED4C4495-8A4A-4CFF-A819-52C88B3C58D9}.Release|x64.Build.0 = Release|Any CPU
		{ED4C4495-8A4A-4CFF-A819-52C88B3C58D9}.Release|x86.ActiveCfg = Release|Any CPU
		{ED4C4495-8A4A-4CFF-A819-52C88B3C58D9}.Release|x86.Build.0 = Release|Any CPU
		{D74F26D6-7843-4A0B-AF8A-5A2D96EF219B}.Debug|Any CPU.ActiveCfg = Debug|Any CPU
		{D74F26D6-7843-4A0B-AF8A-5A2D96EF219B}.Debug|Any CPU.Build.0 = Debug|Any CPU
		{D74F26D6-7843-4A0B-AF8A-5A2D96EF219B}.Debug|x64.ActiveCfg = Debug|Any CPU
		{D74F26D6-7843-4A0B-AF8A-5A2D96EF219B}.Debug|x64.Build.0 = Debug|Any CPU
		{D74F26D6-7843-4A0B-AF8A-5A2D96EF219B}.Debug|x86.ActiveCfg = Debug|Any CPU
		{D74F26D6-7843-4A0B-AF8A-5A2D96EF219B}.Debug|x86.Build.0 = Debug|Any CPU
		{D74F26D6-7843-4A0B-AF8A-5A2D96EF219B}.Release|Any CPU.ActiveCfg = Release|Any CPU
		{D74F26D6-7843-4A0B-AF8A-5A2D96EF219B}.Release|Any CPU.Build.0 = Release|Any CPU
		{D74F26D6-7843-4A0B-AF8A-5A2D96EF219B}.Release|x64.ActiveCfg = Release|Any CPU
		{D74F26D6-7843-4A0B-AF8A-5A2D96EF219B}.Release|x64.Build.0 = Release|Any CPU
		{D74F26D6-7843-4A0B-AF8A-5A2D96EF219B}.Release|x86.ActiveCfg = Release|Any CPU
		{D74F26D6-7843-4A0B-AF8A-5A2D96EF219B}.Release|x86.Build.0 = Release|Any CPU
	EndGlobalSection
	GlobalSection(SolutionProperties) = preSolution
		HideSolutionNode = FALSE
	EndGlobalSection
	GlobalSection(NestedProjects) = preSolution
		{32458A34-3672-427D-977E-DF4493C369D3} = {827E0CD3-B72D-47B6-A68D-7590B98EB39B}
		{9FA5A9E0-689F-4844-91C8-5292CB88D2A7} = {827E0CD3-B72D-47B6-A68D-7590B98EB39B}
		{C2613733-C0D9-471D-BE6B-F116FCDFC239} = {827E0CD3-B72D-47B6-A68D-7590B98EB39B}
		{4A02A835-79D6-4568-AF61-C354C3AEECD8} = {827E0CD3-B72D-47B6-A68D-7590B98EB39B}
		{37ED4EEB-7066-4B8E-8651-59A35B0D1163} = {827E0CD3-B72D-47B6-A68D-7590B98EB39B}
		{9177D24B-BBB7-473E-9F56-74E8B5CB2779} = {827E0CD3-B72D-47B6-A68D-7590B98EB39B}
		{82788BAD-5529-4839-A297-2EFC508958E4} = {827E0CD3-B72D-47B6-A68D-7590B98EB39B}
		{E3B848F1-0B9D-4BC0-90BE-8B9F249D69FC} = {827E0CD3-B72D-47B6-A68D-7590B98EB39B}
		{8FD85D89-07C7-43EB-9DA4-A7B9A03369CF} = {0AB3BF05-4346-4AA6-1389-037BE0695223}
		{80156DDA-04BD-4F21-8BAA-BA2D82BA51E4} = {827E0CD3-B72D-47B6-A68D-7590B98EB39B}
		{C1E71B4E-BBB5-48DF-BDFE-F1D5339DCD0E} = {827E0CD3-B72D-47B6-A68D-7590B98EB39B}
		{8ECEECC4-C2F7-447C-9C7D-2663C659840A} = {827E0CD3-B72D-47B6-A68D-7590B98EB39B}
		{FEE5E83A-6DC4-4A59-8537-65D9F59623EC} = {827E0CD3-B72D-47B6-A68D-7590B98EB39B}
		{938A818F-FC6A-484B-83AC-F6375E73F915} = {827E0CD3-B72D-47B6-A68D-7590B98EB39B}
		{83D06723-2C2F-4CCB-9802-C76F5C31BC4C} = {827E0CD3-B72D-47B6-A68D-7590B98EB39B}
		{D7E095A9-4CC7-4875-8D08-5234551A8A3A} = {827E0CD3-B72D-47B6-A68D-7590B98EB39B}
		{2BF7D000-BC11-4E30-80D1-A0EA3444E34B} = {827E0CD3-B72D-47B6-A68D-7590B98EB39B}
		{ED4C4495-8A4A-4CFF-A819-52C88B3C58D9} = {827E0CD3-B72D-47B6-A68D-7590B98EB39B}
		{D74F26D6-7843-4A0B-AF8A-5A2D96EF219B} = {827E0CD3-B72D-47B6-A68D-7590B98EB39B}
	EndGlobalSection
EndGlobal
