
Microsoft Visual Studio Solution File, Format Version 12.00
Project("{FAE04EC0-301F-11D3-BF4B-00C04F79EFBC}") = "DeepSeek-Harness-Sharp", "DeepSeek-Harness-Sharp\DeepSeek-Harness-Sharp.csproj", "{B47F8CE0-EF65-4C50-BB90-A747F6C8AABF}"
EndProject
Project("{2150E333-8FDC-42A3-9474-1A3956D46DE8}") = "Solution Items", "Solution Items", "{6C2968D4-6D89-4190-8862-CBC339E43A3F}"
	ProjectSection(SolutionItems) = preProject
		compose.yaml = compose.yaml
	EndProjectSection
EndProject
Project("{2150E333-8FDC-42A3-9474-1A3956D46DE8}") = "src", "src", "{827E0CD3-B72D-47B6-A68D-7590B98EB39B}"
EndProject
Project("{FAE04EC0-301F-11D3-BF4B-00C04F79EFBC}") = "Dsh.Core", "src\Dsh.Core\Dsh.Core.csproj", "{32458A34-3672-427D-977E-DF4493C369D3}"
EndProject
Project("{FAE04EC0-301F-11D3-BF4B-00C04F79EFBC}") = "Dsh.Llm", "src\Dsh.Llm\Dsh.Llm.csproj", "{9FA5A9E0-689F-4844-91C8-5292CB88D2A7}"
EndProject
Project("{FAE04EC0-301F-11D3-BF4B-00C04F79EFBC}") = "Dsh.Llm.DeepSeek", "src\Dsh.Llm.DeepSeek\Dsh.Llm.DeepSeek.csproj", "{C2613733-C0D9-471D-BE6B-F116FCDFC239}"
EndProject
Project("{FAE04EC0-301F-11D3-BF4B-00C04F79EFBC}") = "Dsh.Persistence", "src\Dsh.Persistence\Dsh.Persistence.csproj", "{4A02A835-79D6-4568-AF61-C354C3AEECD8}"
EndProject
Project("{FAE04EC0-301F-11D3-BF4B-00C04F79EFBC}") = "Dsh.Interaction", "src\Dsh.Interaction\Dsh.Interaction.csproj", "{37ED4EEB-7066-4B8E-8651-59A35B0D1163}"
EndProject
Project("{FAE04EC0-301F-11D3-BF4B-00C04F79EFBC}") = "Dsh.Boot", "src\Dsh.Boot\Dsh.Boot.csproj", "{9177D24B-BBB7-473E-9F56-74E8B5CB2779}"
EndProject
Project("{FAE04EC0-301F-11D3-BF4B-00C04F79EFBC}") = "Dsh.Tools", "src\Dsh.Tools\Dsh.Tools.csproj", "{82788BAD-5529-4839-A297-2EFC508958E4}"
EndProject
Project("{FAE04EC0-301F-11D3-BF4B-00C04F79EFBC}") = "Dsh.Tui", "src\Dsh.Tui\Dsh.Tui.csproj", "{E3B848F1-0B9D-4BC0-90BE-8B9F249D69FC}"
EndProject
Project("{2150E333-8FDC-42A3-9474-1A3956D46DE8}") = "tests", "tests", "{0AB3BF05-4346-4AA6-1389-037BE0695223}"
EndProject
Project("{FAE04EC0-301F-11D3-BF4B-00C04F79EFBC}") = "Dsh.Tests", "tests\Dsh.Tests\Dsh.Tests.csproj", "{8FD85D89-07C7-43EB-9DA4-A7B9A03369CF}"
EndProject
Project("{FAE04EC0-301F-11D3-BF4B-00C04F79EFBC}") = "Cordis", "Cordis\Cordis.csproj", "{A0B0F40B-2E05-4C74-837A-768AC1798325}"
EndProject
Project("{FAE04EC0-301F-11D3-BF4B-00C04F79EFBC}") = "Cordis.Tests", "Cordis.Tests\Cordis.Tests.csproj", "{5DCCF3E9-E456-442F-AFB6-2F0CAC61FD60}"
EndProject
Project("{FAE04EC0-301F-11D3-BF4B-00C04F79EFBC}") = "Dsh.Compaction", "src\Dsh.Compaction\Dsh.Compaction.csproj", "{80156DDA-04BD-4F21-8BAA-BA2D82BA51E4}"
EndProject
Project("{FAE04EC0-301F-11D3-BF4B-00C04F79EFBC}") = "Dsh.Jobs", "src\Dsh.Jobs\Dsh.Jobs.csproj", "{C1E71B4E-BBB5-48DF-BDFE-F1D5339DCD0E}"
EndProject
Project("{FAE04EC0-301F-11D3-BF4B-00C04F79EFBC}") = "Dsh.Subagent", "src\Dsh.Subagent\Dsh.Subagent.csproj", "{8ECEECC4-C2F7-447C-9C7D-2663C659840A}"
EndProject
Project("{FAE04EC0-301F-11D3-BF4B-00C04F79EFBC}") = "Dsh.Goal", "src\Dsh.Goal\Dsh.Goal.csproj", "{FEE5E83A-6DC4-4A59-8537-65D9F59623EC}"
EndProject
Project("{FAE04EC0-301F-11D3-BF4B-00C04F79EFBC}") = "Dsh.Interaction.AskUser", "src\Dsh.Interaction.AskUser\Dsh.Interaction.AskUser.csproj", "{938A818F-FC6A-484B-83AC-F6375E73F915}"
EndProject
Project("{FAE04EC0-301F-11D3-BF4B-00C04F79EFBC}") = "Dsh.Skills", "src\Dsh.Skills\Dsh.Skills.csproj", "{83D06723-2C2F-4CCB-9802-C76F5C31BC4C}"
EndProject
Project("{FAE04EC0-301F-11D3-BF4B-00C04F79EFBC}") = "Dsh.PlanMode", "src\Dsh.PlanMode\Dsh.PlanMode.csproj", "{D7E095A9-4CC7-4875-8D08-5234551A8A3A}"
EndProject
Project("{FAE04EC0-301F-11D3-BF4B-00C04F79EFBC}") = "Dsh.Workflow", "src\Dsh.Workflow\Dsh.Workflow.csproj", "{2BF7D000-BC11-4E30-80D1-A0EA3444E34B}"
EndProject
Project("{FAE04EC0-301F-11D3-BF4B-00C04F79EFBC}") = "Dsh.Terminal", "src\Dsh.Terminal\Dsh.Terminal.csproj", "{ED4C4495-8A4A-4CFF-A819-52C88B3C58D9}"
EndProject
Project("{FAE04EC0-301F-11D3-BF4B-00C04F79EFBC}") = "Dsh.Web", "src\Dsh.Web\Dsh.Web.csproj", "{D74F26D6-7843-4A0B-AF8A-5A2D96EF219B}"
EndProject
Project("{FAE04EC0-301F-11D3-BF4B-00C04F79EFBC}") = "Dsh.Sdk", "src\Dsh.Sdk\Dsh.Sdk.csproj", "{455608BB-4C4F-499F-8A68-07B7AB164092}"
EndProject
Project("{FAE04EC0-301F-11D3-BF4B-00C04F79EFBC}") = "Dsh.Acp", "src\Dsh.Acp\Dsh.Acp.csproj", "{B3FC4671-8F91-45A1-BEE8-26846683A4C5}"
EndProject
Project("{FAE04EC0-301F-11D3-BF4B-00C04F79EFBC}") = "Dsh.Lsp", "src\Dsh.Lsp\Dsh.Lsp.csproj", "{2C96412E-19E9-4F86-BA6C-F2D8DB4EC09A}"
EndProject
Project("{FAE04EC0-301F-11D3-BF4B-00C04F79EFBC}") = "Dsh.Telemetry", "src\Dsh.Telemetry\Dsh.Telemetry.csproj", "{63E9BA03-1151-4B4B-A97C-B9476FAD1968}"
EndProject
Project("{FAE04EC0-301F-11D3-BF4B-00C04F79EFBC}") = "Dsh.E2b", "src\Dsh.E2b\Dsh.E2b.csproj", "{627C0577-617C-46FF-9D46-257FA3C152D2}"
EndProject
Project("{FAE04EC0-301F-11D3-BF4B-00C04F79EFBC}") = "Dsh.SessionQuery", "src\Dsh.SessionQuery\Dsh.SessionQuery.csproj", "{309395C4-68F8-4032-BC9D-0A67951AA71E}"
EndProject
Project("{FAE04EC0-301F-11D3-BF4B-00C04F79EFBC}") = "Dsh.Llm.OpenAi", "src\Dsh.Llm.OpenAi\Dsh.Llm.OpenAi.csproj", "{7E6797AB-9EC7-41B9-BEB7-26F9A3C6624D}"
EndProject
Project("{FAE04EC0-301F-11D3-BF4B-00C04F79EFBC}") = "Dsh.Llm.Anthropic", "src\Dsh.Llm.Anthropic\Dsh.Llm.Anthropic.csproj", "{7936331A-3992-409E-987C-50D29E6E3BE0}"
EndProject
Project("{FAE04EC0-301F-11D3-BF4B-00C04F79EFBC}") = "Dsh.Memory", "src\Dsh.Memory\Dsh.Memory.csproj", "{C78C3919-A727-4246-BEE6-E215D3242513}"
EndProject
Project("{FAE04EC0-301F-11D3-BF4B-00C04F79EFBC}") = "Dsh.Mcp", "src\Dsh.Mcp\Dsh.Mcp.csproj", "{E82AC5D9-3926-4319-8332-8D97065B88C7}"
EndProject
Project("{FAE04EC0-301F-11D3-BF4B-00C04F79EFBC}") = "Dsh.Plugins.Abstractions", "src\Dsh.Plugins.Abstractions\Dsh.Plugins.Abstractions.csproj", "{1F033BDF-DFEE-43BA-9898-38E9BCA8ABA7}"
EndProject
Project("{FAE04EC0-301F-11D3-BF4B-00C04F79EFBC}") = "Dsh.Plugins.Host", "src\Dsh.Plugins.Host\Dsh.Plugins.Host.csproj", "{03522326-BCFC-4953-A3F5-B9DA9034E220}"
EndProject
Project("{FAE04EC0-301F-11D3-BF4B-00C04F79EFBC}") = "Dsh.Pty", "src\Dsh.Pty\Dsh.Pty.csproj", "{81BE7FF3-699D-4D86-BF7E-E21DF75D10FA}"
EndProject
Global
	GlobalSection(SolutionConfigurationPlatforms) = preSolution
		Debug|Any CPU = Debug|Any CPU
		Debug|x64 = Debug|x64
		Debug|x86 = Debug|x86
		Release|Any CPU = Release|Any CPU
		Release|x64 = Release|x64
		Release|x86 = Release|x86
	EndGlobalSection
	GlobalSection(ProjectConfigurationPlatforms) = postSolution
		{B47F8CE0-EF65-4C50-BB90-A747F6C8AABF}.Debug|Any CPU.ActiveCfg = Debug|Any CPU
		{B47F8CE0-EF65-4C50-BB90-A747F6C8AABF}.Debug|Any CPU.Build.0 = Debug|Any CPU
		{B47F8CE0-EF65-4C50-BB90-A747F6C8AABF}.Debug|x64.ActiveCfg = Debug|Any CPU
		{B47F8CE0-EF65-4C50-BB90-A747F6C8AABF}.Debug|x64.Build.0 = Debug|Any CPU
		{B47F8CE0-EF65-4C50-BB90-A747F6C8AABF}.Debug|x86.ActiveCfg = Debug|Any CPU
		{B47F8CE0-EF65-4C50-BB90-A747F6C8AABF}.Debug|x86.Build.0 = Debug|Any CPU
		{B47F8CE0-EF65-4C50-BB90-A747F6C8AABF}.Release|Any CPU.ActiveCfg = Release|Any CPU
		{B47F8CE0-EF65-4C50-BB90-A747F6C8AABF}.Release|Any CPU.Build.0 = Release|Any CPU
		{B47F8CE0-EF65-4C50-BB90-A747F6C8AABF}.Release|x64.ActiveCfg = Release|Any CPU
		{B47F8CE0-EF65-4C50-BB90-A747F6C8AABF}.Release|x64.Build.0 = Release|Any CPU
		{B47F8CE0-EF65-4C50-BB90-A747F6C8AABF}.Release|x86.ActiveCfg = Release|Any CPU
		{B47F8CE0-EF65-4C50-BB90-A747F6C8AABF}.Release|x86.Build.0 = Release|Any CPU
		{32458A34-3672-427D-977E-DF4493C369D3}.Debug|Any CPU.ActiveCfg = Debug|Any CPU
		{32458A34-3672-427D-977E-DF4493C369D3}.Debug|Any CPU.Build.0 = Debug|Any CPU
		{32458A34-3672-427D-977E-DF4493C369D3}.Debug|x64.ActiveCfg = Debug|Any CPU
		{32458A34-3672-427D-977E-DF4493C369D3}.Debug|x64.Build.0 = Debug|Any CPU
		{32458A34-3672-427D-977E-DF4493C369D3}.Debug|x86.ActiveCfg = Debug|Any CPU
		{32458A34-3672-427D-977E-DF4493C369D3}.Debug|x86.Build.0 = Debug|Any CPU
		{32458A34-3672-427D-977E-DF4493C369D3}.Release|Any CPU.ActiveCfg = Release|Any CPU
		{32458A34-3672-427D-977E-DF4493C369D3}.Release|Any CPU.Build.0 = Release|Any CPU
		{32458A34-3672-427D-977E-DF4493C369D3}.Release|x64.ActiveCfg = Release|Any CPU
		{32458A34-3672-427D-977E-DF4493C369D3}.Release|x64.Build.0 = Release|Any CPU
		{32458A34-3672-427D-977E-DF4493C369D3}.Release|x86.ActiveCfg = Release|Any CPU
		{32458A34-3672-427D-977E-DF4493C369D3}.Release|x86.Build.0 = Release|Any CPU
		{9FA5A9E0-689F-4844-91C8-5292CB88D2A7}.Debug|Any CPU.ActiveCfg = Debug|Any CPU
		{9FA5A9E0-689F-4844-91C8-5292CB88D2A7}.Debug|Any CPU.Build.0 = Debug|Any CPU
		{9FA5A9E0-689F-4844-91C8-5292CB88D2A7}.Debug|x64.ActiveCfg = Debug|Any CPU
		{9FA5A9E0-689F-4844-91C8-5292CB88D2A7}.Debug|x64.Build.0 = Debug|Any CPU
		{9FA5A9E0-689F-4844-91C8-5292CB88D2A7}.Debug|x86.ActiveCfg = Debug|Any CPU
		{9FA5A9E0-689F-4844-91C8-5292CB88D2A7}.Debug|x86.Build.0 = Debug|Any CPU
		{9FA5A9E0-689F-4844-91C8-5292CB88D2A7}.Release|Any CPU.ActiveCfg = Release|Any CPU
		{9FA5A9E0-689F-4844-91C8-5292CB88D2A7}.Release|Any CPU.Build.0 = Release|Any CPU
		{9FA5A9E0-689F-4844-91C8-5292CB88D2A7}.Release|x64.ActiveCfg = Release|Any CPU
		{9FA5A9E0-689F-4844-91C8-5292CB88D2A7}.Release|x64.Build.0 = Release|Any CPU
		{9FA5A9E0-689F-4844-91C8-5292CB88D2A7}.Release|x86.ActiveCfg = Release|Any CPU
		{9FA5A9E0-689F-4844-91C8-5292CB88D2A7}.Release|x86.Build.0 = Release|Any CPU
		{C2613733-C0D9-471D-BE6B-F116FCDFC239}.Debug|Any CPU.ActiveCfg = Debug|Any CPU
		{C2613733-C0D9-471D-BE6B-F116FCDFC239}.Debug|Any CPU.Build.0 = Debug|Any CPU
		{C2613733-C0D9-471D-BE6B-F116FCDFC239}.Debug|x64.ActiveCfg = Debug|Any CPU
		{C2613733-C0D9-471D-BE6B-F116FCDFC239}.Debug|x64.Build.0 = Debug|Any CPU
		{C2613733-C0D9-471D-BE6B-F116FCDFC239}.Debug|x86.ActiveCfg = Debug|Any CPU
		{C2613733-C0D9-471D-BE6B-F116FCDFC239}.Debug|x86.Build.0 = Debug|Any CPU
		{C2613733-C0D9-471D-BE6B-F116FCDFC239}.Release|Any CPU.ActiveCfg = Release|Any CPU
		{C2613733-C0D9-471D-BE6B-F116FCDFC239}.Release|Any CPU.Build.0 = Release|Any CPU
		{C2613733-C0D9-471D-BE6B-F116FCDFC239}.Release|x64.ActiveCfg = Release|Any CPU
		{C2613733-C0D9-471D-BE6B-F116FCDFC239}.Release|x64.Build.0 = Release|Any CPU
		{C2613733-C0D9-471D-BE6B-F116FCDFC239}.Release|x86.ActiveCfg = Release|Any CPU
		{C2613733-C0D9-471D-BE6B-F116FCDFC239}.Release|x86.Build.0 = Release|Any CPU
		{4A02A835-79D6-4568-AF61-C354C3AEECD8}.Debug|Any CPU.ActiveCfg = Debug|Any CPU
		{4A02A835-79D6-4568-AF61-C354C3AEECD8}.Debug|Any CPU.Build.0 = Debug|Any CPU
		{4A02A835-79D6-4568-AF61-C354C3AEECD8}.Debug|x64.ActiveCfg = Debug|Any CPU
		{4A02A835-79D6-4568-AF61-C354C3AEECD8}.Debug|x64.Build.0 = Debug|Any CPU
		{4A02A835-79D6-4568-AF61-C354C3AEECD8}.Debug|x86.ActiveCfg = Debug|Any CPU
		{4A02A835-79D6-4568-AF61-C354C3AEECD8}.Debug|x86.Build.0 = Debug|Any CPU
		{4A02A835-79D6-4568-AF61-C354C3AEECD8}.Release|Any CPU.ActiveCfg = Release|Any CPU
		{4A02A835-79D6-4568-AF61-C354C3AEECD8}.Release|Any CPU.Build.0 = Release|Any CPU
		{4A02A835-79D6-4568-AF61-C354C3AEECD8}.Release|x64.ActiveCfg = Release|Any CPU
		{4A02A835-79D6-4568-AF61-C354C3AEECD8}.Release|x64.Build.0 = Release|Any CPU
		{4A02A835-79D6-4568-AF61-C354C3AEECD8}.Release|x86.ActiveCfg = Release|Any CPU
		{4A02A835-79D6-4568-AF61-C354C3AEECD8}.Release|x86.Build.0 = Release|Any CPU
		{37ED4EEB-7066-4B8E-8651-59A35B0D1163}.Debug|Any CPU.ActiveCfg = Debug|Any CPU
		{37ED4EEB-7066-4B8E-8651-59A35B0D1163}.Debug|Any CPU.Build.0 = Debug|Any CPU
		{37ED4EEB-7066-4B8E-8651-59A35B0D1163}.Debug|x64.ActiveCfg = Debug|Any CPU
		{37ED4EEB-7066-4B8E-8651-59A35B0D1163}.Debug|x64.Build.0 = Debug|Any CPU
		{37ED4EEB-7066-4B8E-8651-59A35B0D1163}.Debug|x86.ActiveCfg = Debug|Any CPU
		{37ED4EEB-7066-4B8E-8651-59A35B0D1163}.Debug|x86.Build.0 = Debug|Any CPU
		{37ED4EEB-7066-4B8E-8651-59A35B0D1163}.Release|Any CPU.ActiveCfg = Release|Any CPU
		{37ED4EEB-7066-4B8E-8651-59A35B0D1163}.Release|Any CPU.Build.0 = Release|Any CPU
		{37ED4EEB-7066-4B8E-8651-59A35B0D1163}.Release|x64.ActiveCfg = Release|Any CPU
		{37ED4EEB-7066-4B8E-8651-59A35B0D1163}.Release|x64.Build.0 = Release|Any CPU
		{37ED4EEB-7066-4B8E-8651-59A35B0D1163}.Release|x86.ActiveCfg = Release|Any CPU
		{37ED4EEB-7066-4B8E-8651-59A35B0D1163}.Release|x86.Build.0 = Release|Any CPU
		{9177D24B-BBB7-473E-9F56-74E8B5CB2779}.Debug|Any CPU.ActiveCfg = Debug|Any CPU
		{9177D24B-BBB7-473E-9F56-74E8B5CB2779}.Debug|Any CPU.Build.0 = Debug|Any CPU
		{9177D24B-BBB7-473E-9F56-74E8B5CB2779}.Debug|x64.ActiveCfg = Debug|Any CPU
		{9177D24B-BBB7-473E-9F56-74E8B5CB2779}.Debug|x64.Build.0 = Debug|Any CPU
		{9177D24B-BBB7-473E-9F56-74E8B5CB2779}.Debug|x86.ActiveCfg = Debug|Any CPU
		{9177D24B-BBB7-473E-9F56-74E8B5CB2779}.Debug|x86.Build.0 = Debug|Any CPU
		{9177D24B-BBB7-473E-9F56-74E8B5CB2779}.Release|Any CPU.ActiveCfg = Release|Any CPU
		{9177D24B-BBB7-473E-9F56-74E8B5CB2779}.Release|Any CPU.Build.0 = Release|Any CPU
		{9177D24B-BBB7-473E-9F56-74E8B5CB2779}.Release|x64.ActiveCfg = Release|Any CPU
		{9177D24B-BBB7-473E-9F56-74E8B5CB2779}.Release|x64.Build.0 = Release|Any CPU
		{9177D24B-BBB7-473E-9F56-74E8B5CB2779}.Release|x86.ActiveCfg = Release|Any CPU
		{9177D24B-BBB7-473E-9F56-74E8B5CB2779}.Release|x86.Build.0 = Release|Any CPU
		{82788BAD-5529-4839-A297-2EFC508958E4}.Debug|Any CPU.ActiveCfg = Debug|Any CPU
		{82788BAD-5529-4839-A297-2EFC508958E4}.Debug|Any CPU.Build.0 = Debug|Any CPU
		{82788BAD-5529-4839-A297-2EFC508958E4}.Debug|x64.ActiveCfg = Debug|Any CPU
		{82788BAD-5529-4839-A297-2EFC508958E4}.Debug|x64.Build.0 = Debug|Any CPU
		{82788BAD-5529-4839-A297-2EFC508958E4}.Debug|x86.ActiveCfg = Debug|Any CPU
		{82788BAD-5529-4839-A297-2EFC508958E4}.Debug|x86.Build.0 = Debug|Any CPU
		{82788BAD-5529-4839-A297-2EFC508958E4}.Release|Any CPU.ActiveCfg = Release|Any CPU
		{82788BAD-5529-4839-A297-2EFC508958E4}.Release|Any CPU.Build.0 = Release|Any CPU
		{82788BAD-5529-4839-A297-2EFC508958E4}.Release|x64.ActiveCfg = Release|Any CPU
		{82788BAD-5529-4839-A297-2EFC508958E4}.Release|x64.Build.0 = Release|Any CPU
		{82788BAD-5529-4839-A297-2EFC508958E4}.Release|x86.ActiveCfg = Release|Any CPU
		{82788BAD-5529-4839-A297-2EFC508958E4}.Release|x86.Build.0 = Release|Any CPU
		{E3B848F1-0B9D-4BC0-90BE-8B9F249D69FC}.Debug|Any CPU.ActiveCfg = Debug|Any CPU
		{E3B848F1-0B9D-4BC0-90BE-8B9F249D69FC}.Debug|Any CPU.Build.0 = Debug|Any CPU
		{E3B848F1-0B9D-4BC0-90BE-8B9F249D69FC}.Debug|x64.ActiveCfg = Debug|Any CPU
		{E3B848F1-0B9D-4BC0-90BE-8B9F249D69FC}.Debug|x64.Build.0 = Debug|Any CPU
		{E3B848F1-0B9D-4BC0-90BE-8B9F249D69FC}.Debug|x86.ActiveCfg = Debug|Any CPU
		{E3B848F1-0B9D-4BC0-90BE-8B9F249D69FC}.Debug|x86.Build.0 = Debug|Any CPU
		{E3B848F1-0B9D-4BC0-90BE-8B9F249D69FC}.Release|Any CPU.ActiveCfg = Release|Any CPU
		{E3B848F1-0B9D-4BC0-90BE-8B9F249D69FC}.Release|Any CPU.Build.0 = Release|Any CPU
		{E3B848F1-0B9D-4BC0-90BE-8B9F249D69FC}.Release|x64.ActiveCfg = Release|Any CPU
		{E3B848F1-0B9D-4BC0-90BE-8B9F249D69FC}.Release|x64.Build.0 = Release|Any CPU
		{E3B848F1-0B9D-4BC0-90BE-8B9F249D69FC}.Release|x86.ActiveCfg = Release|Any CPU
		{E3B848F1-0B9D-4BC0-90BE-8B9F249D69FC}.Release|x86.Build.0 = Release|Any CPU
		{8FD85D89-07C7-43EB-9DA4-A7B9A03369CF}.Debug|Any CPU.ActiveCfg = Debug|Any CPU
		{8FD85D89-07C7-43EB-9DA4-A7B9A03369CF}.Debug|Any CPU.Build.0 = Debug|Any CPU
		{8FD85D89-07C7-43EB-9DA4-A7B9A03369CF}.Debug|x64.ActiveCfg = Debug|Any CPU
		{8FD85D89-07C7-43EB-9DA4-A7B9A03369CF}.Debug|x64.Build.0 = Debug|Any CPU
		{8FD85D89-07C7-43EB-9DA4-A7B9A03369CF}.Debug|x86.ActiveCfg = Debug|Any CPU
		{8FD85D89-07C7-43EB-9DA4-A7B9A03369CF}.Debug|x86.Build.0 = Debug|Any CPU
		{8FD85D89-07C7-43EB-9DA4-A7B9A03369CF}.Release|Any CPU.ActiveCfg = Release|Any CPU
		{8FD85D89-07C7-43EB-9DA4-A7B9A03369CF}.Release|Any CPU.Build.0 = Release|Any CPU
		{8FD85D89-07C7-43EB-9DA4-A7B9A03369CF}.Release|x64.ActiveCfg = Release|Any CPU
		{8FD85D89-07C7-43EB-9DA4-A7B9A03369CF}.Release|x64.Build.0 = Release|Any CPU
		{8FD85D89-07C7-43EB-9DA4-A7B9A03369CF}.Release|x86.ActiveCfg = Release|Any CPU
		{8FD85D89-07C7-43EB-9DA4-A7B9A03369CF}.Release|x86.Build.0 = Release|Any CPU
		{A0B0F40B-2E05-4C74-837A-768AC1798325}.Debug|Any CPU.ActiveCfg = Debug|Any CPU
		{A0B0F40B-2E05-4C74-837A-768AC1798325}.Debug|Any CPU.Build.0 = Debug|Any CPU
		{A0B0F40B-2E05-4C74-837A-768AC1798325}.Debug|x64.ActiveCfg = Debug|Any CPU
		{A0B0F40B-2E05-4C74-837A-768AC1798325}.Debug|x64.Build.0 = Debug|Any CPU
		{A0B0F40B-2E05-4C74-837A-768AC1798325}.Debug|x86.ActiveCfg = Debug|Any CPU
		{A0B0F40B-2E05-4C74-837A-768AC1798325}.Debug|x86.Build.0 = Debug|Any CPU
		{A0B0F40B-2E05-4C74-837A-768AC1798325}.Release|Any CPU.ActiveCfg = Release|Any CPU
		{A0B0F40B-2E05-4C74-837A-768AC1798325}.Release|Any CPU.Build.0 = Release|Any CPU
		{A0B0F40B-2E05-4C74-837A-768AC1798325}.Release|x64.ActiveCfg = Release|Any CPU
		{A0B0F40B-2E05-4C74-837A-768AC1798325}.Release|x64.Build.0 = Release|Any CPU
		{A0B0F40B-2E05-4C74-837A-768AC1798325}.Release|x86.ActiveCfg = Release|Any CPU
		{A0B0F40B-2E05-4C74-837A-768AC1798325}.Release|x86.Build.0 = Release|Any CPU
		{5DCCF3E9-E456-442F-AFB6-2F0CAC61FD60}.Debug|Any CPU.ActiveCfg = Debug|Any CPU
		{5DCCF3E9-E456-442F-AFB6-2F0CAC61FD60}.Debug|Any CPU.Build.0 = Debug|Any CPU
		{5DCCF3E9-E456-442F-AFB6-2F0CAC61FD60}.Debug|x64.ActiveCfg = Debug|Any CPU
		{5DCCF3E9-E456-442F-AFB6-2F0CAC61FD60}.Debug|x64.Build.0 = Debug|Any CPU
		{5DCCF3E9-E456-442F-AFB6-2F0CAC61FD60}.Debug|x86.ActiveCfg = Debug|Any CPU
		{5DCCF3E9-E456-442F-AFB6-2F0CAC61FD60}.Debug|x86.Build.0 = Debug|Any CPU
		{5DCCF3E9-E456-442F-AFB6-2F0CAC61FD60}.Release|Any CPU.ActiveCfg = Release|Any CPU
		{5DCCF3E9-E456-442F-AFB6-2F0CAC61FD60}.Release|Any CPU.Build.0 = Release|Any CPU
		{5DCCF3E9-E456-442F-AFB6-2F0CAC61FD60}.Release|x64.ActiveCfg = Release|Any CPU
		{5DCCF3E9-E456-442F-AFB6-2F0CAC61FD60}.Release|x64.Build.0 = Release|Any CPU
		{5DCCF3E9-E456-442F-AFB6-2F0CAC61FD60}.Release|x86.ActiveCfg = Release|Any CPU
		{5DCCF3E9-E456-442F-AFB6-2F0CAC61FD60}.Release|x86.Build.0 = Release|Any CPU
		{80156DDA-04BD-4F21-8BAA-BA2D82BA51E4}.Debug|Any CPU.ActiveCfg = Debug|Any CPU
		{80156DDA-04BD-4F21-8BAA-BA2D82BA51E4}.Debug|Any CPU.Build.0 = Debug|Any CPU
		{80156DDA-04BD-4F21-8BAA-BA2D82BA51E4}.Debug|x64.ActiveCfg = Debug|Any CPU
		{80156DDA-04BD-4F21-8BAA-BA2D82BA51E4}.Debug|x64.Build.0 = Debug|Any CPU
		{80156DDA-04BD-4F21-8BAA-BA2D82BA51E4}.Debug|x86.ActiveCfg = Debug|Any CPU
		{80156DDA-04BD-4F21-8BAA-BA2D82BA51E4}.Debug|x86.Build.0 = Debug|Any CPU
		{80156DDA-04BD-4F21-8BAA-BA2D82BA51E4}.Release|Any CPU.ActiveCfg = Release|Any CPU
		{80156DDA-04BD-4F21-8BAA-BA2D82BA51E4}.Release|Any CPU.Build.0 = Release|Any CPU
		{80156DDA-04BD-4F21-8BAA-BA2D82BA51E4}.Release|x64.ActiveCfg = Release|Any CPU
		{80156DDA-04BD-4F21-8BAA-BA2D82BA51E4}.Release|x64.Build.0 = Release|Any CPU
		{80156DDA-04BD-4F21-8BAA-BA2D82BA51E4}.Release|x86.ActiveCfg = Release|Any CPU
		{80156DDA-04BD-4F21-8BAA-BA2D82BA51E4}.Release|x86.Build.0 = Release|Any CPU
		{C1E71B4E-BBB5-48DF-BDFE-F1D5339DCD0E}.Debug|Any CPU.ActiveCfg = Debug|Any CPU
		{C1E71B4E-BBB5-48DF-BDFE-F1D5339DCD0E}.Debug|Any CPU.Build.0 = Debug|Any CPU
		{C1E71B4E-BBB5-48DF-BDFE-F1D5339DCD0E}.Debug|x64.ActiveCfg = Debug|Any CPU
		{C1E71B4E-BBB5-48DF-BDFE-F1D5339DCD0E}.Debug|x64.Build.0 = Debug|Any CPU
		{C1E71B4E-BBB5-48DF-BDFE-F1D5339DCD0E}.Debug|x86.ActiveCfg = Debug|Any CPU
		{C1E71B4E-BBB5-48DF-BDFE-F1D5339DCD0E}.Debug|x86.Build.0 = Debug|Any CPU
		{C1E71B4E-BBB5-48DF-BDFE-F1D5339DCD0E}.Release|Any CPU.ActiveCfg = Release|Any CPU
		{C1E71B4E-BBB5-48DF-BDFE-F1D5339DCD0E}.Release|Any CPU.Build.0 = Release|Any CPU
		{C1E71B4E-BBB5-48DF-BDFE-F1D5339DCD0E}.Release|x64.ActiveCfg = Release|Any CPU
		{C1E71B4E-BBB5-48DF-BDFE-F1D5339DCD0E}.Release|x64.Build.0 = Release|Any CPU
		{C1E71B4E-BBB5-48DF-BDFE-F1D5339DCD0E}.Release|x86.ActiveCfg = Release|Any CPU
		{C1E71B4E-BBB5-48DF-BDFE-F1D5339DCD0E}.Release|x86.Build.0 = Release|Any CPU
		{8ECEECC4-C2F7-447C-9C7D-2663C659840A}.Debug|Any CPU.ActiveCfg = Debug|Any CPU
		{8ECEECC4-C2F7-447C-9C7D-2663C659840A}.Debug|Any CPU.Build.0 = Debug|Any CPU
		{8ECEECC4-C2F7-447C-9C7D-2663C659840A}.Debug|x64.ActiveCfg = Debug|Any CPU
		{8ECEECC4-C2F7-447C-9C7D-2663C659840A}.Debug|x64.Build.0 = Debug|Any CPU
		{8ECEECC4-C2F7-447C-9C7D-2663C659840A}.Debug|x86.ActiveCfg = Debug|Any CPU
		{8ECEECC4-C2F7-447C-9C7D-2663C659840A}.Debug|x86.Build.0 = Debug|Any CPU
		{8ECEECC4-C2F7-447C-9C7D-2663C659840A}.Release|Any CPU.ActiveCfg = Release|Any CPU
		{8ECEECC4-C2F7-447C-9C7D-2663C659840A}.Release|Any CPU.Build.0 = Release|Any CPU
		{8ECEECC4-C2F7-447C-9C7D-2663C659840A}.Release|x64.ActiveCfg = Release|Any CPU
		{8ECEECC4-C2F7-447C-9C7D-2663C659840A}.Release|x64.Build.0 = Release|Any CPU
		{8ECEECC4-C2F7-447C-9C7D-2663C659840A}.Release|x86.ActiveCfg = Release|Any CPU
		{8ECEECC4-C2F7-447C-9C7D-2663C659840A}.Release|x86.Build.0 = Release|Any CPU
		{FEE5E83A-6DC4-4A59-8537-65D9F59623EC}.Debug|Any CPU.ActiveCfg = Debug|Any CPU
		{FEE5E83A-6DC4-4A59-8537-65D9F59623EC}.Debug|Any CPU.Build.0 = Debug|Any CPU
		{FEE5E83A-6DC4-4A59-8537-65D9F59623EC}.Debug|x64.ActiveCfg = Debug|Any CPU
		{FEE5E83A-6DC4-4A59-8537-65D9F59623EC}.Debug|x64.Build.0 = Debug|Any CPU
		{FEE5E83A-6DC4-4A59-8537-65D9F59623EC}.Debug|x86.ActiveCfg = Debug|Any CPU
		{FEE5E83A-6DC4-4A59-8537-65D9F59623EC}.Debug|x86.Build.0 = Debug|Any CPU
		{FEE5E83A-6DC4-4A59-8537-65D9F59623EC}.Release|Any CPU.ActiveCfg = Release|Any CPU
		{FEE5E83A-6DC4-4A59-8537-65D9F59623EC}.Release|Any CPU.Build.0 = Release|Any CPU
		{FEE5E83A-6DC4-4A59-8537-65D9F59623EC}.Release|x64.ActiveCfg = Release|Any CPU
		{FEE5E83A-6DC4-4A59-8537-65D9F59623EC}.Release|x64.Build.0 = Release|Any CPU
		{FEE5E83A-6DC4-4A59-8537-65D9F59623EC}.Release|x86.ActiveCfg = Release|Any CPU
		{FEE5E83A-6DC4-4A59-8537-65D9F59623EC}.Release|x86.Build.0 = Release|Any CPU
		{938A818F-FC6A-484B-83AC-F6375E73F915}.Debug|Any CPU.ActiveCfg = Debug|Any CPU
		{938A818F-FC6A-484B-83AC-F6375E73F915}.Debug|Any CPU.Build.0 = Debug|Any CPU
		{938A818F-FC6A-484B-83AC-F6375E73F915}.Debug|x64.ActiveCfg = Debug|Any CPU
		{938A818F-FC6A-484B-83AC-F6375E73F915}.Debug|x64.Build.0 = Debug|Any CPU
		{938A818F-FC6A-484B-83AC-F6375E73F915}.Debug|x86.ActiveCfg = Debug|Any CPU
		{938A818F-FC6A-484B-83AC-F6375E73F915}.Debug|x86.Build.0 = Debug|Any CPU
		{938A818F-FC6A-484B-83AC-F6375E73F915}.Release|Any CPU.ActiveCfg = Release|Any CPU
		{938A818F-FC6A-484B-83AC-F6375E73F915}.Release|Any CPU.Build.0 = Release|Any CPU
		{938A818F-FC6A-484B-83AC-F6375E73F915}.Release|x64.ActiveCfg = Release|Any CPU
		{938A818F-FC6A-484B-83AC-F6375E73F915}.Release|x64.Build.0 = Release|Any CPU
		{938A818F-FC6A-484B-83AC-F6375E73F915}.Release|x86.ActiveCfg = Release|Any CPU
		{938A818F-FC6A-484B-83AC-F6375E73F915}.Release|x86.Build.0 = Release|Any CPU
		{83D06723-2C2F-4CCB-9802-C76F5C31BC4C}.Debug|Any CPU.ActiveCfg = Debug|Any CPU
		{83D06723-2C2F-4CCB-9802-C76F5C31BC4C}.Debug|Any CPU.Build.0 = Debug|Any CPU
		{83D06723-2C2F-4CCB-9802-C76F5C31BC4C}.Debug|x64.ActiveCfg = Debug|Any CPU
		{83D06723-2C2F-4CCB-9802-C76F5C31BC4C}.Debug|x64.Build.0 = Debug|Any CPU
		{83D06723-2C2F-4CCB-9802-C76F5C31BC4C}.Debug|x86.ActiveCfg = Debug|Any CPU
		{83D06723-2C2F-4CCB-9802-C76F5C31BC4C}.Debug|x86.Build.0 = Debug|Any CPU
		{83D06723-2C2F-4CCB-9802-C76F5C31BC4C}.Release|Any CPU.ActiveCfg = Release|Any CPU
		{83D06723-2C2F-4CCB-9802-C76F5C31BC4C}.Release|Any CPU.Build.0 = Release|Any CPU
		{83D06723-2C2F-4CCB-9802-C76F5C31BC4C}.Release|x64.ActiveCfg = Release|Any CPU
		{83D06723-2C2F-4CCB-9802-C76F5C31BC4C}.Release|x64.Build.0 = Release|Any CPU
		{83D06723-2C2F-4CCB-9802-C76F5C31BC4C}.Release|x86.ActiveCfg = Release|Any CPU
		{83D06723-2C2F-4CCB-9802-C76F5C31BC4C}.Release|x86.Build.0 = Release|Any CPU
		{D7E095A9-4CC7-4875-8D08-5234551A8A3A}.Debug|Any CPU.ActiveCfg = Debug|Any CPU
		{D7E095A9-4CC7-4875-8D08-5234551A8A3A}.Debug|Any CPU.Build.0 = Debug|Any CPU
		{D7E095A9-4CC7-4875-8D08-5234551A8A3A}.Debug|x64.ActiveCfg = Debug|Any CPU
		{D7E095A9-4CC7-4875-8D08-5234551A8A3A}.Debug|x64.Build.0 = Debug|Any CPU
		{D7E095A9-4CC7-4875-8D08-5234551A8A3A}.Debug|x86.ActiveCfg = Debug|Any CPU
		{D7E095A9-4CC7-4875-8D08-5234551A8A3A}.Debug|x86.Build.0 = Debug|Any CPU
		{D7E095A9-4CC7-4875-8D08-5234551A8A3A}.Release|Any CPU.ActiveCfg = Release|Any CPU
		{D7E095A9-4CC7-4875-8D08-5234551A8A3A}.Release|Any CPU.Build.0 = Release|Any CPU
		{D7E095A9-4CC7-4875-8D08-5234551A8A3A}.Release|x64.ActiveCfg = Release|Any CPU
		{D7E095A9-4CC7-4875-8D08-5234551A8A3A}.Release|x64.Build.0 = Release|Any CPU
		{D7E095A9-4CC7-4875-8D08-5234551A8A3A}.Release|x86.ActiveCfg = Release|Any CPU
		{D7E095A9-4CC7-4875-8D08-5234551A8A3A}.Release|x86.Build.0 = Release|Any CPU
		{2BF7D000-BC11-4E30-80D1-A0EA3444E34B}.Debug|Any CPU.ActiveCfg = Debug|Any CPU
		{2BF7D000-BC11-4E30-80D1-A0EA3444E34B}.Debug|Any CPU.Build.0 = Debug|Any CPU
		{2BF7D000-BC11-4E30-80D1-A0EA3444E34B}.Debug|x64.ActiveCfg = Debug|Any CPU
		{2BF7D000-BC11-4E30-80D1-A0EA3444E34B}.Debug|x64.Build.0 = Debug|Any CPU
		{2BF7D000-BC11-4E30-80D1-A0EA3444E34B}.Debug|x86.ActiveCfg = Debug|Any CPU
		{2BF7D000-BC11-4E30-80D1-A0EA3444E34B}.Debug|x86.Build.0 = Debug|Any CPU
		{2BF7D000-BC11-4E30-80D1-A0EA3444E34B}.Release|Any CPU.ActiveCfg = Release|Any CPU
		{2BF7D000-BC11-4E30-80D1-A0EA3444E34B}.Release|Any CPU.Build.0 = Release|Any CPU
		{2BF7D000-BC11-4E30-80D1-A0EA3444E34B}.Release|x64.ActiveCfg = Release|Any CPU
		{2BF7D000-BC11-4E30-80D1-A0EA3444E34B}.Release|x64.Build.0 = Release|Any CPU
		{2BF7D000-BC11-4E30-80D1-A0EA3444E34B}.Release|x86.ActiveCfg = Release|Any CPU
		{2BF7D000-BC11-4E30-80D1-A0EA3444E34B}.Release|x86.Build.0 = Release|Any CPU
		{ED4C4495-8A4A-4CFF-A819-52C88B3C58D9}.Debug|Any CPU.ActiveCfg = Debug|Any CPU
		{ED4C4495-8A4A-4CFF-A819-52C88B3C58D9}.Debug|Any CPU.Build.0 = Debug|Any CPU
		{ED4C4495-8A4A-4CFF-A819-52C88B3C58D9}.Debug|x64.ActiveCfg = Debug|Any CPU
		{ED4C4495-8A4A-4CFF-A819-52C88B3C58D9}.Debug|x64.Build.0 = Debug|Any CPU
		{ED4C4495-8A4A-4CFF-A819-52C88B3C58D9}.Debug|x86.ActiveCfg = Debug|Any CPU
		{ED4C4495-8A4A-4CFF-A819-52C88B3C58D9}.Debug|x86.Build.0 = Debug|Any CPU
		{ED4C4495-8A4A-4CFF-A819-52C88B3C58D9}.Release|Any CPU.ActiveCfg = Release|Any CPU
		{ED4C4495-8A4A-4CFF-A819-52C88B3C58D9}.Release|Any CPU.Build.0 = Release|Any CPU
		{ED4C4495-8A4A-4CFF-A819-52C88B3C58D9}.Release|x64.ActiveCfg = Release|Any CPU
		{ED4C4495-8A4A-4CFF-A819-52C88B3C58D9}.Release|x64.Build.0 = Release|Any CPU
		{ED4C4495-8A4A-4CFF-A819-52C88B3C58D9}.Release|x86.ActiveCfg = Release|Any CPU
		{ED4C4495-8A4A-4CFF-A819-52C88B3C58D9}.Release|x86.Build.0 = Release|Any CPU
		{D74F26D6-7843-4A0B-AF8A-5A2D96EF219B}.Debug|Any CPU.ActiveCfg = Debug|Any CPU
		{D74F26D6-7843-4A0B-AF8A-5A2D96EF219B}.Debug|Any CPU.Build.0 = Debug|Any CPU
		{D74F26D6-7843-4A0B-AF8A-5A2D96EF219B}.Debug|x64.ActiveCfg = Debug|Any CPU
		{D74F26D6-7843-4A0B-AF8A-5A2D96EF219B}.Debug|x64.Build.0 = Debug|Any CPU
		{D74F26D6-7843-4A0B-AF8A-5A2D96EF219B}.Debug|x86.ActiveCfg = Debug|Any CPU
		{D74F26D6-7843-4A0B-AF8A-5A2D96EF219B}.Debug|x86.Build.0 = Debug|Any CPU
		{D74F26D6-7843-4A0B-AF8A-5A2D96EF219B}.Release|Any CPU.ActiveCfg = Release|Any CPU
		{D74F26D6-7843-4A0B-AF8A-5A2D96EF219B}.Release|Any CPU.Build.0 = Release|Any CPU
		{D74F26D6-7843-4A0B-AF8A-5A2D96EF219B}.Release|x64.ActiveCfg = Release|Any CPU
		{D74F26D6-7843-4A0B-AF8A-5A2D96EF219B}.Release|x64.Build.0 = Release|Any CPU
		{D74F26D6-7843-4A0B-AF8A-5A2D96EF219B}.Release|x86.ActiveCfg = Release|Any CPU
		{D74F26D6-7843-4A0B-AF8A-5A2D96EF219B}.Release|x86.Build.0 = Release|Any CPU
		{455608BB-4C4F-499F-8A68-07B7AB164092}.Debug|Any CPU.ActiveCfg = Debug|Any CPU
		{455608BB-4C4F-499F-8A68-07B7AB164092}.Debug|Any CPU.Build.0 = Debug|Any CPU
		{455608BB-4C4F-499F-8A68-07B7AB164092}.Debug|x64.ActiveCfg = Debug|Any CPU
		{455608BB-4C4F-499F-8A68-07B7AB164092}.Debug|x64.Build.0 = Debug|Any CPU
		{455608BB-4C4F-499F-8A68-07B7AB164092}.Debug|x86.ActiveCfg = Debug|Any CPU
		{455608BB-4C4F-499F-8A68-07B7AB164092}.Debug|x86.Build.0 = Debug|Any CPU
		{455608BB-4C4F-499F-8A68-07B7AB164092}.Release|Any CPU.ActiveCfg = Release|Any CPU
		{455608BB-4C4F-499F-8A68-07B7AB164092}.Release|Any CPU.Build.0 = Release|Any CPU
		{455608BB-4C4F-499F-8A68-07B7AB164092}.Release|x64.ActiveCfg = Release|Any CPU
		{455608BB-4C4F-499F-8A68-07B7AB164092}.Release|x64.Build.0 = Release|Any CPU
		{455608BB-4C4F-499F-8A68-07B7AB164092}.Release|x86.ActiveCfg = Release|Any CPU
		{455608BB-4C4F-499F-8A68-07B7AB164092}.Release|x86.Build.0 = Release|Any CPU
		{B3FC4671-8F91-45A1-BEE8-26846683A4C5}.Debug|Any CPU.ActiveCfg = Debug|Any CPU
		{B3FC4671-8F91-45A1-BEE8-26846683A4C5}.Debug|Any CPU.Build.0 = Debug|Any CPU
		{B3FC4671-8F91-45A1-BEE8-26846683A4C5}.Debug|x64.ActiveCfg = Debug|Any CPU
		{B3FC4671-8F91-45A1-BEE8-26846683A4C5}.Debug|x64.Build.0 = Debug|Any CPU
		{B3FC4671-8F91-45A1-BEE8-26846683A4C5}.Debug|x86.ActiveCfg = Debug|Any CPU
		{B3FC4671-8F91-45A1-BEE8-26846683A4C5}.Debug|x86.Build.0 = Debug|Any CPU
		{B3FC4671-8F91-45A1-BEE8-26846683A4C5}.Release|Any CPU.ActiveCfg = Release|Any CPU
		{B3FC4671-8F91-45A1-BEE8-26846683A4C5}.Release|Any CPU.Build.0 = Release|Any CPU
		{B3FC4671-8F91-45A1-BEE8-26846683A4C5}.Release|x64.ActiveCfg = Release|Any CPU
		{B3FC4671-8F91-45A1-BEE8-26846683A4C5}.Release|x64.Build.0 = Release|Any CPU
		{B3FC4671-8F91-45A1-BEE8-26846683A4C5}.Release|x86.ActiveCfg = Release|Any CPU
		{B3FC4671-8F91-45A1-BEE8-26846683A4C5}.Release|x86.Build.0 = Release|Any CPU
		{2C96412E-19E9-4F86-BA6C-F2D8DB4EC09A}.Debug|Any CPU.ActiveCfg = Debug|Any CPU
		{2C96412E-19E9-4F86-BA6C-F2D8DB4EC09A}.Debug|Any CPU.Build.0 = Debug|Any CPU
		{2C96412E-19E9-4F86-BA6C-F2D8DB4EC09A}.Debug|x64.ActiveCfg = Debug|Any CPU
		{2C96412E-19E9-4F86-BA6C-F2D8DB4EC09A}.Debug|x64.Build.0 = Debug|Any CPU
		{2C96412E-19E9-4F86-BA6C-F2D8DB4EC09A}.Debug|x86.ActiveCfg = Debug|Any CPU
		{2C96412E-19E9-4F86-BA6C-F2D8DB4EC09A}.Debug|x86.Build.0 = Debug|Any CPU
		{2C96412E-19E9-4F86-BA6C-F2D8DB4EC09A}.Release|Any CPU.ActiveCfg = Release|Any CPU
		{2C96412E-19E9-4F86-BA6C-F2D8DB4EC09A}.Release|Any CPU.Build.0 = Release|Any CPU
		{2C96412E-19E9-4F86-BA6C-F2D8DB4EC09A}.Release|x64.ActiveCfg = Release|Any CPU
		{2C96412E-19E9-4F86-BA6C-F2D8DB4EC09A}.Release|x64.Build.0 = Release|Any CPU
		{2C96412E-19E9-4F86-BA6C-F2D8DB4EC09A}.Release|x86.ActiveCfg = Release|Any CPU
		{2C96412E-19E9-4F86-BA6C-F2D8DB4EC09A}.Release|x86.Build.0 = Release|Any CPU
		{63E9BA03-1151-4B4B-A97C-B9476FAD1968}.Debug|Any CPU.ActiveCfg = Debug|Any CPU
		{63E9BA03-1151-4B4B-A97C-B9476FAD1968}.Debug|Any CPU.Build.0 = Debug|Any CPU
		{63E9BA03-1151-4B4B-A97C-B9476FAD1968}.Debug|x64.ActiveCfg = Debug|Any CPU
		{63E9BA03-1151-4B4B-A97C-B9476FAD1968}.Debug|x64.Build.0 = Debug|Any CPU
		{63E9BA03-1151-4B4B-A97C-B9476FAD1968}.Debug|x86.ActiveCfg = Debug|Any CPU
		{63E9BA03-1151-4B4B-A97C-B9476FAD1968}.Debug|x86.Build.0 = Debug|Any CPU
		{63E9BA03-1151-4B4B-A97C-B9476FAD1968}.Release|Any CPU.ActiveCfg = Release|Any CPU
		{63E9BA03-1151-4B4B-A97C-B9476FAD1968}.Release|Any CPU.Build.0 = Release|Any CPU
		{63E9BA03-1151-4B4B-A97C-B9476FAD1968}.Release|x64.ActiveCfg = Release|Any CPU
		{63E9BA03-1151-4B4B-A97C-B9476FAD1968}.Release|x64.Build.0 = Release|Any CPU
		{63E9BA03-1151-4B4B-A97C-B9476FAD1968}.Release|x86.ActiveCfg = Release|Any CPU
		{63E9BA03-1151-4B4B-A97C-B9476FAD1968}.Release|x86.Build.0 = Release|Any CPU
		{627C0577-617C-46FF-9D46-257FA3C152D2}.Debug|Any CPU.ActiveCfg = Debug|Any CPU
		{627C0577-617C-46FF-9D46-257FA3C152D2}.Debug|Any CPU.Build.0 = Debug|Any CPU
		{627C0577-617C-46FF-9D46-257FA3C152D2}.Debug|x64.ActiveCfg = Debug|Any CPU
		{627C0577-617C-46FF-9D46-257FA3C152D2}.Debug|x64.Build.0 = Debug|Any CPU
		{627C0577-617C-46FF-9D46-257FA3C152D2}.Debug|x86.ActiveCfg = Debug|Any CPU
		{627C0577-617C-46FF-9D46-257FA3C152D2}.Debug|x86.Build.0 = Debug|Any CPU
		{627C0577-617C-46FF-9D46-257FA3C152D2}.Release|Any CPU.ActiveCfg = Release|Any CPU
		{627C0577-617C-46FF-9D46-257FA3C152D2}.Release|Any CPU.Build.0 = Release|Any CPU
		{627C0577-617C-46FF-9D46-257FA3C152D2}.Release|x64.ActiveCfg = Release|Any CPU
		{627C0577-617C-46FF-9D46-257FA3C152D2}.Release|x64.Build.0 = Release|Any CPU
		{627C0577-617C-46FF-9D46-257FA3C152D2}.Release|x86.ActiveCfg = Release|Any CPU
		{627C0577-617C-46FF-9D46-257FA3C152D2}.Release|x86.Build.0 = Release|Any CPU
		{309395C4-68F8-4032-BC9D-0A67951AA71E}.Debug|Any CPU.ActiveCfg = Debug|Any CPU
		{309395C4-68F8-4032-BC9D-0A67951AA71E}.Debug|Any CPU.Build.0 = Debug|Any CPU
		{309395C4-68F8-4032-BC9D-0A67951AA71E}.Debug|x64.ActiveCfg = Debug|Any CPU
		{309395C4-68F8-4032-BC9D-0A67951AA71E}.Debug|x64.Build.0 = Debug|Any CPU
		{309395C4-68F8-4032-BC9D-0A67951AA71E}.Debug|x86.ActiveCfg = Debug|Any CPU
		{309395C4-68F8-4032-BC9D-0A67951AA71E}.Debug|x86.Build.0 = Debug|Any CPU
		{309395C4-68F8-4032-BC9D-0A67951AA71E}.Release|Any CPU.ActiveCfg = Release|Any CPU
		{309395C4-68F8-4032-BC9D-0A67951AA71E}.Release|Any CPU.Build.0 = Release|Any CPU
		{309395C4-68F8-4032-BC9D-0A67951AA71E}.Release|x64.ActiveCfg = Release|Any CPU
		{309395C4-68F8-4032-BC9D-0A67951AA71E}.Release|x64.Build.0 = Release|Any CPU
		{309395C4-68F8-4032-BC9D-0A67951AA71E}.Release|x86.ActiveCfg = Release|Any CPU
		{309395C4-68F8-4032-BC9D-0A67951AA71E}.Release|x86.Build.0 = Release|Any CPU
		{7E6797AB-9EC7-41B9-BEB7-26F9A3C6624D}.Debug|Any CPU.ActiveCfg = Debug|Any CPU
		{7E6797AB-9EC7-41B9-BEB7-26F9A3C6624D}.Debug|Any CPU.Build.0 = Debug|Any CPU
		{7E6797AB-9EC7-41B9-BEB7-26F9A3C6624D}.Debug|x64.ActiveCfg = Debug|Any CPU
		{7E6797AB-9EC7-41B9-BEB7-26F9A3C6624D}.Debug|x64.Build.0 = Debug|Any CPU
		{7E6797AB-9EC7-41B9-BEB7-26F9A3C6624D}.Debug|x86.ActiveCfg = Debug|Any CPU
		{7E6797AB-9EC7-41B9-BEB7-26F9A3C6624D}.Debug|x86.Build.0 = Debug|Any CPU
		{7E6797AB-9EC7-41B9-BEB7-26F9A3C6624D}.Release|Any CPU.ActiveCfg = Release|Any CPU
		{7E6797AB-9EC7-41B9-BEB7-26F9A3C6624D}.Release|Any CPU.Build.0 = Release|Any CPU
		{7E6797AB-9EC7-41B9-BEB7-26F9A3C6624D}.Release|x64.ActiveCfg = Release|Any CPU
		{7E6797AB-9EC7-41B9-BEB7-26F9A3C6624D}.Release|x64.Build.0 = Release|Any CPU
		{7E6797AB-9EC7-41B9-BEB7-26F9A3C6624D}.Release|x86.ActiveCfg = Release|Any CPU
		{7E6797AB-9EC7-41B9-BEB7-26F9A3C6624D}.Release|x86.Build.0 = Release|Any CPU
		{7936331A-3992-409E-987C-50D29E6E3BE0}.Debug|Any CPU.ActiveCfg = Debug|Any CPU
		{7936331A-3992-409E-987C-50D29E6E3BE0}.Debug|Any CPU.Build.0 = Debug|Any CPU
		{7936331A-3992-409E-987C-50D29E6E3BE0}.Debug|x64.ActiveCfg = Debug|Any CPU
		{7936331A-3992-409E-987C-50D29E6E3BE0}.Debug|x64.Build.0 = Debug|Any CPU
		{7936331A-3992-409E-987C-50D29E6E3BE0}.Debug|x86.ActiveCfg = Debug|Any CPU
		{7936331A-3992-409E-987C-50D29E6E3BE0}.Debug|x86.Build.0 = Debug|Any CPU
		{7936331A-3992-409E-987C-50D29E6E3BE0}.Release|Any CPU.ActiveCfg = Release|Any CPU
		{7936331A-3992-409E-987C-50D29E6E3BE0}.Release|Any CPU.Build.0 = Release|Any CPU
		{7936331A-3992-409E-987C-50D29E6E3BE0}.Release|x64.ActiveCfg = Release|Any CPU
		{7936331A-3992-409E-987C-50D29E6E3BE0}.Release|x64.Build.0 = Release|Any CPU
		{7936331A-3992-409E-987C-50D29E6E3BE0}.Release|x86.ActiveCfg = Release|Any CPU
		{7936331A-3992-409E-987C-50D29E6E3BE0}.Release|x86.Build.0 = Release|Any CPU
		{C78C3919-A727-4246-BEE6-E215D3242513}.Debug|Any CPU.ActiveCfg = Debug|Any CPU
		{C78C3919-A727-4246-BEE6-E215D3242513}.Debug|Any CPU.Build.0 = Debug|Any CPU
		{C78C3919-A727-4246-BEE6-E215D3242513}.Debug|x64.ActiveCfg = Debug|Any CPU
		{C78C3919-A727-4246-BEE6-E215D3242513}.Debug|x64.Build.0 = Debug|Any CPU
		{C78C3919-A727-4246-BEE6-E215D3242513}.Debug|x86.ActiveCfg = Debug|Any CPU
		{C78C3919-A727-4246-BEE6-E215D3242513}.Debug|x86.Build.0 = Debug|Any CPU
		{C78C3919-A727-4246-BEE6-E215D3242513}.Release|Any CPU.ActiveCfg = Release|Any CPU
		{C78C3919-A727-4246-BEE6-E215D3242513}.Release|Any CPU.Build.0 = Release|Any CPU
		{C78C3919-A727-4246-BEE6-E215D3242513}.Release|x64.ActiveCfg = Release|Any CPU
		{C78C3919-A727-4246-BEE6-E215D3242513}.Release|x64.Build.0 = Release|Any CPU
		{C78C3919-A727-4246-BEE6-E215D3242513}.Release|x86.ActiveCfg = Release|Any CPU
		{C78C3919-A727-4246-BEE6-E215D3242513}.Release|x86.Build.0 = Release|Any CPU
		{E82AC5D9-3926-4319-8332-8D97065B88C7}.Debug|Any CPU.ActiveCfg = Debug|Any CPU
		{E82AC5D9-3926-4319-8332-8D97065B88C7}.Debug|Any CPU.Build.0 = Debug|Any CPU
		{E82AC5D9-3926-4319-8332-8D97065B88C7}.Debug|x64.ActiveCfg = Debug|Any CPU
		{E82AC5D9-3926-4319-8332-8D97065B88C7}.Debug|x64.Build.0 = Debug|Any CPU
		{E82AC5D9-3926-4319-8332-8D97065B88C7}.Debug|x86.ActiveCfg = Debug|Any CPU
		{E82AC5D9-3926-4319-8332-8D97065B88C7}.Debug|x86.Build.0 = Debug|Any CPU
		{E82AC5D9-3926-4319-8332-8D97065B88C7}.Release|Any CPU.ActiveCfg = Release|Any CPU
		{E82AC5D9-3926-4319-8332-8D97065B88C7}.Release|Any CPU.Build.0 = Release|Any CPU
		{E82AC5D9-3926-4319-8332-8D97065B88C7}.Release|x64.ActiveCfg = Release|Any CPU
		{E82AC5D9-3926-4319-8332-8D97065B88C7}.Release|x64.Build.0 = Release|Any CPU
		{E82AC5D9-3926-4319-8332-8D97065B88C7}.Release|x86.ActiveCfg = Release|Any CPU
		{E82AC5D9-3926-4319-8332-8D97065B88C7}.Release|x86.Build.0 = Release|Any CPU
		{1F033BDF-DFEE-43BA-9898-38E9BCA8ABA7}.Debug|Any CPU.ActiveCfg = Debug|Any CPU
		{1F033BDF-DFEE-43BA-9898-38E9BCA8ABA7}.Debug|Any CPU.Build.0 = Debug|Any CPU
		{1F033BDF-DFEE-43BA-9898-38E9BCA8ABA7}.Debug|x64.ActiveCfg = Debug|Any CPU
		{1F033BDF-DFEE-43BA-9898-38E9BCA8ABA7}.Debug|x64.Build.0 = Debug|Any CPU
		{1F033BDF-DFEE-43BA-9898-38E9BCA8ABA7}.Debug|x86.ActiveCfg = Debug|Any CPU
		{1F033BDF-DFEE-43BA-9898-38E9BCA8ABA7}.Debug|x86.Build.0 = Debug|Any CPU
		{1F033BDF-DFEE-43BA-9898-38E9BCA8ABA7}.Release|Any CPU.ActiveCfg = Release|Any CPU
		{1F033BDF-DFEE-43BA-9898-38E9BCA8ABA7}.Release|Any CPU.Build.0 = Release|Any CPU
		{1F033BDF-DFEE-43BA-9898-38E9BCA8ABA7}.Release|x64.ActiveCfg = Release|Any CPU
		{1F033BDF-DFEE-43BA-9898-38E9BCA8ABA7}.Release|x64.Build.0 = Release|Any CPU
		{1F033BDF-DFEE-43BA-9898-38E9BCA8ABA7}.Release|x86.ActiveCfg = Release|Any CPU
		{1F033BDF-DFEE-43BA-9898-38E9BCA8ABA7}.Release|x86.Build.0 = Release|Any CPU
		{03522326-BCFC-4953-A3F5-B9DA9034E220}.Debug|Any CPU.ActiveCfg = Debug|Any CPU
		{03522326-BCFC-4953-A3F5-B9DA9034E220}.Debug|Any CPU.Build.0 = Debug|Any CPU
		{03522326-BCFC-4953-A3F5-B9DA9034E220}.Debug|x64.ActiveCfg = Debug|Any CPU
		{03522326-BCFC-4953-A3F5-B9DA9034E220}.Debug|x64.Build.0 = Debug|Any CPU
		{03522326-BCFC-4953-A3F5-B9DA9034E220}.Debug|x86.ActiveCfg = Debug|Any CPU
		{03522326-BCFC-4953-A3F5-B9DA9034E220}.Debug|x86.Build.0 = Debug|Any CPU
		{03522326-BCFC-4953-A3F5-B9DA9034E220}.Release|Any CPU.ActiveCfg = Release|Any CPU
		{03522326-BCFC-4953-A3F5-B9DA9034E220}.Release|Any CPU.Build.0 = Release|Any CPU
		{03522326-BCFC-4953-A3F5-B9DA9034E220}.Release|x64.ActiveCfg = Release|Any CPU
		{03522326-BCFC-4953-A3F5-B9DA9034E220}.Release|x64.Build.0 = Release|Any CPU
		{03522326-BCFC-4953-A3F5-B9DA9034E220}.Release|x86.ActiveCfg = Release|Any CPU
		{03522326-BCFC-4953-A3F5-B9DA9034E220}.Release|x86.Build.0 = Release|Any CPU
		{81BE7FF3-699D-4D86-BF7E-E21DF75D10FA}.Debug|Any CPU.ActiveCfg = Debug|Any CPU
		{81BE7FF3-699D-4D86-BF7E-E21DF75D10FA}.Debug|Any CPU.Build.0 = Debug|Any CPU
		{81BE7FF3-699D-4D86-BF7E-E21DF75D10FA}.Debug|x64.ActiveCfg = Debug|Any CPU
		{81BE7FF3-699D-4D86-BF7E-E21DF75D10FA}.Debug|x64.Build.0 = Debug|Any CPU
		{81BE7FF3-699D-4D86-BF7E-E21DF75D10FA}.Debug|x86.ActiveCfg = Debug|Any CPU
		{81BE7FF3-699D-4D86-BF7E-E21DF75D10FA}.Debug|x86.Build.0 = Debug|Any CPU
		{81BE7FF3-699D-4D86-BF7E-E21DF75D10FA}.Release|Any CPU.ActiveCfg = Release|Any CPU
		{81BE7FF3-699D-4D86-BF7E-E21DF75D10FA}.Release|Any CPU.Build.0 = Release|Any CPU
		{81BE7FF3-699D-4D86-BF7E-E21DF75D10FA}.Release|x64.ActiveCfg = Release|Any CPU
		{81BE7FF3-699D-4D86-BF7E-E21DF75D10FA}.Release|x64.Build.0 = Release|Any CPU
		{81BE7FF3-699D-4D86-BF7E-E21DF75D10FA}.Release|x86.ActiveCfg = Release|Any CPU
		{81BE7FF3-699D-4D86-BF7E-E21DF75D10FA}.Release|x86.Build.0 = Release|Any CPU
	EndGlobalSection
	GlobalSection(SolutionProperties) = preSolution
		HideSolutionNode = FALSE
	EndGlobalSection
	GlobalSection(NestedProjects) = preSolution
		{32458A34-3672-427D-977E-DF4493C369D3} = {827E0CD3-B72D-47B6-A68D-7590B98EB39B}
		{9FA5A9E0-689F-4844-91C8-5292CB88D2A7} = {827E0CD3-B72D-47B6-A68D-7590B98EB39B}
		{C2613733-C0D9-471D-BE6B-F116FCDFC239} = {827E0CD3-B72D-47B6-A68D-7590B98EB39B}
		{4A02A835-79D6-4568-AF61-C354C3AEECD8} = {827E0CD3-B72D-47B6-A68D-7590B98EB39B}
		{37ED4EEB-7066-4B8E-8651-59A35B0D1163} = {827E0CD3-B72D-47B6-A68D-7590B98EB39B}
		{9177D24B-BBB7-473E-9F56-74E8B5CB2779} = {827E0CD3-B72D-47B6-A68D-7590B98EB39B}
		{82788BAD-5529-4839-A297-2EFC508958E4} = {827E0CD3-B72D-47B6-A68D-7590B98EB39B}
		{E3B848F1-0B9D-4BC0-90BE-8B9F249D69FC} = {827E0CD3-B72D-47B6-A68D-7590B98EB39B}
		{8FD85D89-07C7-43EB-9DA4-A7B9A03369CF} = {0AB3BF05-4346-4AA6-1389-037BE0695223}
		{80156DDA-04BD-4F21-8BAA-BA2D82BA51E4} = {827E0CD3-B72D-47B6-A68D-7590B98EB39B}
		{C1E71B4E-BBB5-48DF-BDFE-F1D5339DCD0E} = {827E0CD3-B72D-47B6-A68D-7590B98EB39B}
		{8ECEECC4-C2F7-447C-9C7D-2663C659840A} = {827E0CD3-B72D-47B6-A68D-7590B98EB39B}
		{FEE5E83A-6DC4-4A59-8537-65D9F59623EC} = {827E0CD3-B72D-47B6-A68D-7590B98EB39B}
		{938A818F-FC6A-484B-83AC-F6375E73F915} = {827E0CD3-B72D-47B6-A68D-7590B98EB39B}
		{83D06723-2C2F-4CCB-9802-C76F5C31BC4C} = {827E0CD3-B72D-47B6-A68D-7590B98EB39B}
		{D7E095A9-4CC7-4875-8D08-5234551A8A3A} = {827E0CD3-B72D-47B6-A68D-7590B98EB39B}
		{2BF7D000-BC11-4E30-80D1-A0EA3444E34B} = {827E0CD3-B72D-47B6-A68D-7590B98EB39B}
		{ED4C4495-8A4A-4CFF-A819-52C88B3C58D9} = {827E0CD3-B72D-47B6-A68D-7590B98EB39B}
		{D74F26D6-7843-4A0B-AF8A-5A2D96EF219B} = {827E0CD3-B72D-47B6-A68D-7590B98EB39B}
		{455608BB-4C4F-499F-8A68-07B7AB164092} = {827E0CD3-B72D-47B6-A68D-7590B98EB39B}
		{B3FC4671-8F91-45A1-BEE8-26846683A4C5} = {827E0CD3-B72D-47B6-A68D-7590B98EB39B}
		{2C96412E-19E9-4F86-BA6C-F2D8DB4EC09A} = {827E0CD3-B72D-47B6-A68D-7590B98EB39B}
		{63E9BA03-1151-4B4B-A97C-B9476FAD1968} = {827E0CD3-B72D-47B6-A68D-7590B98EB39B}
		{627C0577-617C-46FF-9D46-257FA3C152D2} = {827E0CD3-B72D-47B6-A68D-7590B98EB39B}
		{309395C4-68F8-4032-BC9D-0A67951AA71E} = {827E0CD3-B72D-47B6-A68D-7590B98EB39B}
		{7E6797AB-9EC7-41B9-BEB7-26F9A3C6624D} = {827E0CD3-B72D-47B6-A68D-7590B98EB39B}
		{7936331A-3992-409E-987C-50D29E6E3BE0} = {827E0CD3-B72D-47B6-A68D-7590B98EB39B}
		{C78C3919-A727-4246-BEE6-E215D3242513} = {827E0CD3-B72D-47B6-A68D-7590B98EB39B}
		{E82AC5D9-3926-4319-8332-8D97065B88C7} = {827E0CD3-B72D-47B6-A68D-7590B98EB39B}
		{1F033BDF-DFEE-43BA-9898-38E9BCA8ABA7} = {827E0CD3-B72D-47B6-A68D-7590B98EB39B}
		{03522326-BCFC-4953-A3F5-B9DA9034E220} = {827E0CD3-B72D-47B6-A68D-7590B98EB39B}
		{81BE7FF3-699D-4D86-BF7E-E21DF75D10FA} = {827E0CD3-B72D-47B6-A68D-7590B98EB39B}
	EndGlobalSection
EndGlobal
